// !$*UTF8*$!
{
	archiveVersion = 1;
	classes = {
	};
	objectVersion = 46;
	objects = {

/* Begin PBXAggregateTarget section */
		595F7F4258DD4D579AA342D7 /* ZERO_CHECK */ = {
			isa = PBXAggregateTarget;
			buildConfigurationList = 65957EF100D14922ACA653F1 /* Build configuration list for PBXAggregateTarget "ZERO_CHECK" */;
			buildPhases = (
				0AECEC2DDA954AEC937E3A53 /* CMake Rules */,
			);
			dependencies = (
			);
			name = ZERO_CHECK;
			productName = ZERO_CHECK;
		};
		59DA46C3FA61432AA56E2CF1 /* ALL_BUILD */ = {
			isa = PBXAggregateTarget;
			buildConfigurationList = 419D9164DF1B4762A5E34C3C /* Build configuration list for PBXAggregateTarget "ALL_BUILD" */;
			buildPhases = (
				BCB07E81FC014771B4D7863F /* CMake Rules */,
			);
			dependencies = (
				63C9F7A38C714E9596089CC9 /* PBXTargetDependency */,
				EF54D43A07094D658E257E40 /* PBXTargetDependency */,
			);
			name = ALL_BUILD;
			productName = ALL_BUILD;
		};
/* End PBXAggregateTarget section */

/* Begin PBXBuildFile section */
		036FEB7B1CAE41069D5E67EB /* /Users/gabriel.coman/Workspace/sa-sdk-build-repo/adv-ios-build-framework/framework/src/SAOnce.h */ = {isa = PBXBuildFile; fileRef = 04FF8473BFD7455DAF6DFE5E /* /Users/gabriel.coman/Workspace/sa-sdk-build-repo/adv-ios-build-framework/framework/src/SAOnce.h */; settings = {COMPILER_FLAGS = ""; }; };
		0E23913460AA49D293FADA5D /* /Users/gabriel.coman/Workspace/sa-sdk-build-repo/adv-ios-build-framework/framework/src/SAAdvUtils.m */ = {isa = PBXBuildFile; fileRef = 344652DBEBB948FCAF9B0147 /* /Users/gabriel.coman/Workspace/sa-sdk-build-repo/adv-ios-build-framework/framework/src/SAAdvUtils.m */; settings = {COMPILER_FLAGS = ""; }; };
		43FC6E8C5A634F05831EF4E4 /* /Users/gabriel.coman/Workspace/sa-sdk-build-repo/adv-ios-build-framework/framework/src/SuperAwesomeAdvertiserSDK.h */ = {isa = PBXBuildFile; fileRef = 82130A0369444C9DB7E04F3B /* /Users/gabriel.coman/Workspace/sa-sdk-build-repo/adv-ios-build-framework/framework/src/SuperAwesomeAdvertiserSDK.h */; settings = {COMPILER_FLAGS = ""; }; };
		4B7039DE594A4D9491D6179C /* /Users/gabriel.coman/Workspace/sa-sdk-build-repo/adv-ios-build-framework/framework/src/SAVerifyInstall.h */ = {isa = PBXBuildFile; fileRef = 7A43FA3ADA1D40F3A5F85336 /* /Users/gabriel.coman/Workspace/sa-sdk-build-repo/adv-ios-build-framework/framework/src/SAVerifyInstall.h */; settings = {COMPILER_FLAGS = ""; }; };
		6174881E710344EFAD5FBAA3 /* /Users/gabriel.coman/Workspace/sa-sdk-build-repo/adv-ios-build-framework/framework/src/CMakeLists.txt */ = {isa = PBXBuildFile; fileRef = 3ECA256C4A3447F6961F4CFC /* /Users/gabriel.coman/Workspace/sa-sdk-build-repo/adv-ios-build-framework/framework/src/CMakeLists.txt */; settings = {COMPILER_FLAGS = ""; }; };
		8943DBDE9DFD4D56BA2BB3E1 /* /Users/gabriel.coman/Workspace/sa-sdk-build-repo/adv-ios-build-framework/framework/src/SAOnce.m */ = {isa = PBXBuildFile; fileRef = E105515E530B4B93AF540067 /* /Users/gabriel.coman/Workspace/sa-sdk-build-repo/adv-ios-build-framework/framework/src/SAOnce.m */; settings = {COMPILER_FLAGS = ""; }; };
		9F0D486BB8354E62884CF6A7 /* /Users/gabriel.coman/Workspace/sa-sdk-build-repo/adv-ios-build-framework/framework/src/SAInstall.m */ = {isa = PBXBuildFile; fileRef = E8E6A728FE6A456AB944EB8A /* /Users/gabriel.coman/Workspace/sa-sdk-build-repo/adv-ios-build-framework/framework/src/SAInstall.m */; settings = {COMPILER_FLAGS = ""; }; };
		BB099C411573428186740C44 /* /Users/gabriel.coman/Workspace/sa-sdk-build-repo/adv-ios-build-framework/framework/src/SuperAwesomeAdvertiser.h */ = {isa = PBXBuildFile; fileRef = C90D2095937444EFB0AEDDA9 /* /Users/gabriel.coman/Workspace/sa-sdk-build-repo/adv-ios-build-framework/framework/src/SuperAwesomeAdvertiser.h */; settings = {COMPILER_FLAGS = ""; }; };
		D30AC580B48446E2AB9ED97C /* /Users/gabriel.coman/Workspace/sa-sdk-build-repo/adv-ios-build-framework/framework/src/SAAdvUtils.h */ = {isa = PBXBuildFile; fileRef = 86F879D782F6462E95AEFAFD /* /Users/gabriel.coman/Workspace/sa-sdk-build-repo/adv-ios-build-framework/framework/src/SAAdvUtils.h */; settings = {COMPILER_FLAGS = ""; }; };
		E744CDEB3D5840E399E7B4CC /* /Users/gabriel.coman/Workspace/sa-sdk-build-repo/adv-ios-build-framework/framework/src/SAVerifyInstall.m */ = {isa = PBXBuildFile; fileRef = 0D1A1B2A85EF40DFBE788258 /* /Users/gabriel.coman/Workspace/sa-sdk-build-repo/adv-ios-build-framework/framework/src/SAVerifyInstall.m */; settings = {COMPILER_FLAGS = ""; }; };
		E7CC75D8248F4524A1E4204C /* /Users/gabriel.coman/Workspace/sa-sdk-build-repo/adv-ios-build-framework/framework/src/SAInstall.h */ = {isa = PBXBuildFile; fileRef = 60CE8D0DF87E484DB1E716F5 /* /Users/gabriel.coman/Workspace/sa-sdk-build-repo/adv-ios-build-framework/framework/src/SAInstall.h */; settings = {COMPILER_FLAGS = ""; }; };
/* End PBXBuildFile section */

/* Begin PBXBuildStyle section */
		52E9967D2A92485FA0691AAC /* Release */ = {
			isa = PBXBuildStyle;
			buildSettings = {
				COPY_PHASE_STRIP = NO;
			};
			name = Release;
		};
		8B9B9C684B9444178BF0A06B = {
			isa = PBXBuildStyle;
		};
		95B50908ECC24C3AA2BD6844 /* Debug */ = {
			isa = PBXBuildStyle;
			buildSettings = {
				COPY_PHASE_STRIP = NO;
			};
			name = Debug;
		};
		9E1FB1D76D524540A4F48E3C /* MinSizeRel */ = {
			isa = PBXBuildStyle;
			buildSettings = {
				COPY_PHASE_STRIP = NO;
			};
			name = MinSizeRel;
		};
		F9412D87E1DC44F1B601FD35 /* RelWithDebInfo */ = {
			isa = PBXBuildStyle;
			buildSettings = {
				COPY_PHASE_STRIP = NO;
			};
			name = RelWithDebInfo;
		};
/* End PBXBuildStyle section */

/* Begin PBXContainerItemProxy section */
		0F53D49E38124FC487A8E938 /* PBXContainerItemProxy */ = {
			isa = PBXContainerItemProxy;
			containerPortal = D0332E6D91834C148FFEA658 /* Project object */;
			proxyType = 1;
			remoteGlobalIDString = 595F7F4258DD4D579AA342D7;
			remoteInfo = ZERO_CHECK;
		};
		54BED02680324F2191FE8B66 /* PBXContainerItemProxy */ = {
			isa = PBXContainerItemProxy;
			containerPortal = D0332E6D91834C148FFEA658 /* Project object */;
			proxyType = 1;
			remoteGlobalIDString = 595F7F4258DD4D579AA342D7;
			remoteInfo = ZERO_CHECK;
		};
		EB2E561E9DC540C89F293008 /* PBXContainerItemProxy */ = {
			isa = PBXContainerItemProxy;
			containerPortal = D0332E6D91834C148FFEA658 /* Project object */;
			proxyType = 1;
			remoteGlobalIDString = 62CC03EB2B5E4DBD814B166F;
			remoteInfo = SuperAwesomeAdvertiserSDK;
		};
/* End PBXContainerItemProxy section */

/* Begin PBXFileReference section */
		010DC578BDF24918839A58C5 /* /Users/gabriel.coman/Workspace/sa-sdk-build-repo/adv-ios-build-framework/framework/CMakeLists.txt */ = {isa = PBXFileReference; explicitFileType = sourcecode.text; fileEncoding = 4; name = CMakeLists.txt; path = CMakeLists.txt; sourceTree = SOURCE_ROOT; };
		04FF8473BFD7455DAF6DFE5E /* /Users/gabriel.coman/Workspace/sa-sdk-build-repo/adv-ios-build-framework/framework/src/SAOnce.h */ = {isa = PBXFileReference; explicitFileType = sourcecode.c.h; fileEncoding = 4; name = SAOnce.h; path = src/SAOnce.h; sourceTree = SOURCE_ROOT; };
		0D1A1B2A85EF40DFBE788258 /* /Users/gabriel.coman/Workspace/sa-sdk-build-repo/adv-ios-build-framework/framework/src/SAVerifyInstall.m */ = {isa = PBXFileReference; explicitFileType = sourcecode.c.objc; fileEncoding = 4; name = SAVerifyInstall.m; path = src/SAVerifyInstall.m; sourceTree = SOURCE_ROOT; };
		344652DBEBB948FCAF9B0147 /* /Users/gabriel.coman/Workspace/sa-sdk-build-repo/adv-ios-build-framework/framework/src/SAAdvUtils.m */ = {isa = PBXFileReference; explicitFileType = sourcecode.c.objc; fileEncoding = 4; name = SAAdvUtils.m; path = src/SAAdvUtils.m; sourceTree = SOURCE_ROOT; };
		3ECA256C4A3447F6961F4CFC /* /Users/gabriel.coman/Workspace/sa-sdk-build-repo/adv-ios-build-framework/framework/src/CMakeLists.txt */ = {isa = PBXFileReference; explicitFileType = sourcecode.text; fileEncoding = 4; name = CMakeLists.txt; path = src/CMakeLists.txt; sourceTree = SOURCE_ROOT; };
		60CE8D0DF87E484DB1E716F5 /* /Users/gabriel.coman/Workspace/sa-sdk-build-repo/adv-ios-build-framework/framework/src/SAInstall.h */ = {isa = PBXFileReference; explicitFileType = sourcecode.c.h; fileEncoding = 4; name = SAInstall.h; path = src/SAInstall.h; sourceTree = SOURCE_ROOT; };
		7A43FA3ADA1D40F3A5F85336 /* /Users/gabriel.coman/Workspace/sa-sdk-build-repo/adv-ios-build-framework/framework/src/SAVerifyInstall.h */ = {isa = PBXFileReference; explicitFileType = sourcecode.c.h; fileEncoding = 4; name = SAVerifyInstall.h; path = src/SAVerifyInstall.h; sourceTree = SOURCE_ROOT; };
		82130A0369444C9DB7E04F3B /* /Users/gabriel.coman/Workspace/sa-sdk-build-repo/adv-ios-build-framework/framework/src/SuperAwesomeAdvertiserSDK.h */ = {isa = PBXFileReference; explicitFileType = sourcecode.c.h; fileEncoding = 4; name = SuperAwesomeAdvertiserSDK.h; path = src/SuperAwesomeAdvertiserSDK.h; sourceTree = SOURCE_ROOT; };
		86F879D782F6462E95AEFAFD /* /Users/gabriel.coman/Workspace/sa-sdk-build-repo/adv-ios-build-framework/framework/src/SAAdvUtils.h */ = {isa = PBXFileReference; explicitFileType = sourcecode.c.h; fileEncoding = 4; name = SAAdvUtils.h; path = src/SAAdvUtils.h; sourceTree = SOURCE_ROOT; };
		AA4A8257C9304967A57C883C /* SuperAwesomeAdvertiserSDK */ = {isa = PBXFileReference; explicitFileType = wrapper.framework; path = SuperAwesomeAdvertiserSDK.framework/SuperAwesomeAdvertiserSDK; sourceTree = BUILT_PRODUCTS_DIR; };
		C90D2095937444EFB0AEDDA9 /* /Users/gabriel.coman/Workspace/sa-sdk-build-repo/adv-ios-build-framework/framework/src/SuperAwesomeAdvertiser.h */ = {isa = PBXFileReference; explicitFileType = sourcecode.c.h; fileEncoding = 4; name = SuperAwesomeAdvertiser.h; path = src/SuperAwesomeAdvertiser.h; sourceTree = SOURCE_ROOT; };
		DAE06AC0726B418381D04AB5 /* /Users/gabriel.coman/Workspace/sa-sdk-build-repo/adv-ios-build-framework/framework/CMakeLists.txt */ = {isa = PBXFileReference; explicitFileType = sourcecode.text; fileEncoding = 4; name = CMakeLists.txt; path = CMakeLists.txt; sourceTree = SOURCE_ROOT; };
		E105515E530B4B93AF540067 /* /Users/gabriel.coman/Workspace/sa-sdk-build-repo/adv-ios-build-framework/framework/src/SAOnce.m */ = {isa = PBXFileReference; explicitFileType = sourcecode.c.objc; fileEncoding = 4; name = SAOnce.m; path = src/SAOnce.m; sourceTree = SOURCE_ROOT; };
		E8E6A728FE6A456AB944EB8A /* /Users/gabriel.coman/Workspace/sa-sdk-build-repo/adv-ios-build-framework/framework/src/SAInstall.m */ = {isa = PBXFileReference; explicitFileType = sourcecode.c.objc; fileEncoding = 4; name = SAInstall.m; path = src/SAInstall.m; sourceTree = SOURCE_ROOT; };
/* End PBXFileReference section */

/* Begin PBXGroup section */
		07888FC140544575944B30D3 /* Products */ = {
			isa = PBXGroup;
			children = (
				AA4A8257C9304967A57C883C /* SuperAwesomeAdvertiserSDK */,
			);
			name = Products;
			sourceTree = "<group>";
		};
		374A3D1A8A4641FF98CB187C /* SuperAwesomeAdvertiserSDK */ = {
			isa = PBXGroup;
			children = (
				44084EA00B1D4AF282AC186A /* Source Files */,
				48EE1E5D54574208B8AAE1A6 /* Header Files */,
				3ECA256C4A3447F6961F4CFC /* /Users/gabriel.coman/Workspace/sa-sdk-build-repo/adv-ios-build-framework/framework/src/CMakeLists.txt */,
			);
			name = SuperAwesomeAdvertiserSDK;
			sourceTree = "<group>";
		};
		405343BEE82141C2A9080173 /* CMake Rules */ = {
			isa = PBXGroup;
			children = (
			);
			name = "CMake Rules";
			sourceTree = "<group>";
		};
		44084EA00B1D4AF282AC186A /* Source Files */ = {
			isa = PBXGroup;
			children = (
				344652DBEBB948FCAF9B0147 /* /Users/gabriel.coman/Workspace/sa-sdk-build-repo/adv-ios-build-framework/framework/src/SAAdvUtils.m */,
				E8E6A728FE6A456AB944EB8A /* /Users/gabriel.coman/Workspace/sa-sdk-build-repo/adv-ios-build-framework/framework/src/SAInstall.m */,
				E105515E530B4B93AF540067 /* /Users/gabriel.coman/Workspace/sa-sdk-build-repo/adv-ios-build-framework/framework/src/SAOnce.m */,
				0D1A1B2A85EF40DFBE788258 /* /Users/gabriel.coman/Workspace/sa-sdk-build-repo/adv-ios-build-framework/framework/src/SAVerifyInstall.m */,
			);
			name = "Source Files";
			sourceTree = "<group>";
		};
		48EE1E5D54574208B8AAE1A6 /* Header Files */ = {
			isa = PBXGroup;
			children = (
				86F879D782F6462E95AEFAFD /* /Users/gabriel.coman/Workspace/sa-sdk-build-repo/adv-ios-build-framework/framework/src/SAAdvUtils.h */,
				60CE8D0DF87E484DB1E716F5 /* /Users/gabriel.coman/Workspace/sa-sdk-build-repo/adv-ios-build-framework/framework/src/SAInstall.h */,
				04FF8473BFD7455DAF6DFE5E /* /Users/gabriel.coman/Workspace/sa-sdk-build-repo/adv-ios-build-framework/framework/src/SAOnce.h */,
				7A43FA3ADA1D40F3A5F85336 /* /Users/gabriel.coman/Workspace/sa-sdk-build-repo/adv-ios-build-framework/framework/src/SAVerifyInstall.h */,
				C90D2095937444EFB0AEDDA9 /* /Users/gabriel.coman/Workspace/sa-sdk-build-repo/adv-ios-build-framework/framework/src/SuperAwesomeAdvertiser.h */,
				82130A0369444C9DB7E04F3B /* /Users/gabriel.coman/Workspace/sa-sdk-build-repo/adv-ios-build-framework/framework/src/SuperAwesomeAdvertiserSDK.h */,
			);
			name = "Header Files";
			sourceTree = "<group>";
		};
		6D9270A985944F54A94B482E /* ZERO_CHECK */ = {
			isa = PBXGroup;
			children = (
				405343BEE82141C2A9080173 /* CMake Rules */,
				010DC578BDF24918839A58C5 /* /Users/gabriel.coman/Workspace/sa-sdk-build-repo/adv-ios-build-framework/framework/CMakeLists.txt */,
			);
			name = ZERO_CHECK;
			sourceTree = "<group>";
		};
		718D80A20F8C480CA5268A34 /* CMake Rules */ = {
			isa = PBXGroup;
			children = (
			);
			name = "CMake Rules";
			sourceTree = "<group>";
		};
		744345F22E6B443FA7ED0ED8 = {
			isa = PBXGroup;
			children = (
				760EFDCDCA824536A5B63B77 /* Sources */,
				D98A658273624CE189A20B0F /* Resources */,
				07888FC140544575944B30D3 /* Products */,
			);
			sourceTree = "<group>";
		};
		760EFDCDCA824536A5B63B77 /* Sources */ = {
			isa = PBXGroup;
			children = (
				F97C0236001E4256A2449BD7 /* ALL_BUILD */,
				6D9270A985944F54A94B482E /* ZERO_CHECK */,
				374A3D1A8A4641FF98CB187C /* SuperAwesomeAdvertiserSDK */,
			);
			name = Sources;
			sourceTree = "<group>";
		};
		D98A658273624CE189A20B0F /* Resources */ = {
			isa = PBXGroup;
			children = (
			);
			name = Resources;
			sourceTree = "<group>";
		};
		F97C0236001E4256A2449BD7 /* ALL_BUILD */ = {
			isa = PBXGroup;
			children = (
				718D80A20F8C480CA5268A34 /* CMake Rules */,
				DAE06AC0726B418381D04AB5 /* /Users/gabriel.coman/Workspace/sa-sdk-build-repo/adv-ios-build-framework/framework/CMakeLists.txt */,
			);
			name = ALL_BUILD;
			sourceTree = "<group>";
		};
/* End PBXGroup section */

/* Begin PBXHeadersBuildPhase section */
		787362794AFD467A8524E7EF /* Headers */ = {
			isa = PBXHeadersBuildPhase;
			buildActionMask = 2147483647;
			files = (
				D30AC580B48446E2AB9ED97C /* /Users/gabriel.coman/Workspace/sa-sdk-build-repo/adv-ios-build-framework/framework/src/SAAdvUtils.h */,
				E7CC75D8248F4524A1E4204C /* /Users/gabriel.coman/Workspace/sa-sdk-build-repo/adv-ios-build-framework/framework/src/SAInstall.h */,
				036FEB7B1CAE41069D5E67EB /* /Users/gabriel.coman/Workspace/sa-sdk-build-repo/adv-ios-build-framework/framework/src/SAOnce.h */,
				4B7039DE594A4D9491D6179C /* /Users/gabriel.coman/Workspace/sa-sdk-build-repo/adv-ios-build-framework/framework/src/SAVerifyInstall.h */,
				BB099C411573428186740C44 /* /Users/gabriel.coman/Workspace/sa-sdk-build-repo/adv-ios-build-framework/framework/src/SuperAwesomeAdvertiser.h */,
				43FC6E8C5A634F05831EF4E4 /* /Users/gabriel.coman/Workspace/sa-sdk-build-repo/adv-ios-build-framework/framework/src/SuperAwesomeAdvertiserSDK.h */,
			);
			runOnlyForDeploymentPostprocessing = 0;
		};
/* End PBXHeadersBuildPhase section */

/* Begin PBXNativeTarget section */
		62CC03EB2B5E4DBD814B166F /* SuperAwesomeAdvertiserSDK */ = {
			isa = PBXNativeTarget;
			buildConfigurationList = 74CD5F4A928E4250AE45AB59 /* Build configuration list for PBXNativeTarget "SuperAwesomeAdvertiserSDK" */;
			buildPhases = (
				787362794AFD467A8524E7EF /* Headers */,
				C378A33BB82A486FA25B0770 /* Sources */,
			);
			buildRules = (
			);
			dependencies = (
				C4A2005D371444068FA87B65 /* PBXTargetDependency */,
			);
			name = SuperAwesomeAdvertiserSDK;
			productName = SuperAwesomeAdvertiserSDK;
			productReference = AA4A8257C9304967A57C883C /* SuperAwesomeAdvertiserSDK */;
			productType = "com.apple.product-type.framework";
		};
/* End PBXNativeTarget section */

/* Begin PBXProject section */
		D0332E6D91834C148FFEA658 /* Project object */ = {
			isa = PBXProject;
			attributes = {
				BuildIndependentTargetsInParallel = YES;
				LastUpgradeCheck = 0900;
			};
			buildConfigurationList = DB6C9C13296144ADB7EDAB04 /* Build configuration list for PBXProject "SuperAwesomeAdvertiserSDK" */;
			buildSettings = {
			};
			buildStyles = (
				95B50908ECC24C3AA2BD6844 /* Debug */,
				52E9967D2A92485FA0691AAC /* Release */,
				9E1FB1D76D524540A4F48E3C /* MinSizeRel */,
				F9412D87E1DC44F1B601FD35 /* RelWithDebInfo */,
			);
			compatibilityVersion = "Xcode 3.2";
			hasScannedForEncodings = 0;
			mainGroup = 744345F22E6B443FA7ED0ED8;
			projectDirPath = .;
			projectRoot = "";
			targets = (
				59DA46C3FA61432AA56E2CF1 /* ALL_BUILD */,
				595F7F4258DD4D579AA342D7 /* ZERO_CHECK */,
				62CC03EB2B5E4DBD814B166F /* SuperAwesomeAdvertiserSDK */,
			);
		};
/* End PBXProject section */

/* Begin PBXShellScriptBuildPhase section */
		0AECEC2DDA954AEC937E3A53 /* CMake Rules */ = {
			isa = PBXShellScriptBuildPhase;
			buildActionMask = 2147483647;
			files = (
			);
			name = "CMake Rules";
			runOnlyForDeploymentPostprocessing = 0;
			shellPath = /bin/sh;
			shellScript = "make -C /Users/gabriel.coman/Workspace/sa-sdk-build-repo/adv-ios-build-framework/framework -f /Users/gabriel.coman/Workspace/sa-sdk-build-repo/adv-ios-build-framework/framework/CMakeScripts/ZERO_CHECK_cmakeRulesBuildPhase.make$CONFIGURATION all";
			showEnvVarsInLog = 0;
		};
		0D1DA923A4724954B5246B57 = {
			isa = PBXShellScriptBuildPhase;
			buildActionMask = 2147483647;
			files = (
			);
			inputPaths = (
			);
			outputPaths = (
			);
			runOnlyForDeploymentPostprocessing = 0;
			shellPath = /bin/sh;
			shellScript = "# shell script goes here
exit 0";
			showEnvVarsInLog = 0;
		};
		BCB07E81FC014771B4D7863F /* CMake Rules */ = {
			isa = PBXShellScriptBuildPhase;
			buildActionMask = 2147483647;
			files = (
			);
			name = "CMake Rules";
			runOnlyForDeploymentPostprocessing = 0;
			shellPath = /bin/sh;
			shellScript = "make -C /Users/gabriel.coman/Workspace/sa-sdk-build-repo/adv-ios-build-framework/framework -f /Users/gabriel.coman/Workspace/sa-sdk-build-repo/adv-ios-build-framework/framework/CMakeScripts/ALL_BUILD_cmakeRulesBuildPhase.make$CONFIGURATION all";
			showEnvVarsInLog = 0;
		};
		C4E73AC95F934B41A7466DB5 = {
			isa = PBXShellScriptBuildPhase;
			buildActionMask = 2147483647;
			files = (
			);
			inputPaths = (
			);
			outputPaths = (
			);
			runOnlyForDeploymentPostprocessing = 0;
			shellPath = /bin/sh;
			shellScript = "# shell script goes here
exit 0";
			showEnvVarsInLog = 0;
		};
/* End PBXShellScriptBuildPhase section */

/* Begin PBXSourcesBuildPhase section */
		C378A33BB82A486FA25B0770 /* Sources */ = {
			isa = PBXSourcesBuildPhase;
			buildActionMask = 2147483647;
			files = (
				0E23913460AA49D293FADA5D /* /Users/gabriel.coman/Workspace/sa-sdk-build-repo/adv-ios-build-framework/framework/src/SAAdvUtils.m */,
				9F0D486BB8354E62884CF6A7 /* /Users/gabriel.coman/Workspace/sa-sdk-build-repo/adv-ios-build-framework/framework/src/SAInstall.m */,
				8943DBDE9DFD4D56BA2BB3E1 /* /Users/gabriel.coman/Workspace/sa-sdk-build-repo/adv-ios-build-framework/framework/src/SAOnce.m */,
				E744CDEB3D5840E399E7B4CC /* /Users/gabriel.coman/Workspace/sa-sdk-build-repo/adv-ios-build-framework/framework/src/SAVerifyInstall.m */,
			);
			runOnlyForDeploymentPostprocessing = 0;
		};
/* End PBXSourcesBuildPhase section */

/* Begin PBXTargetDependency section */
		63C9F7A38C714E9596089CC9 /* PBXTargetDependency */ = {
			isa = PBXTargetDependency;
			target = 62CC03EB2B5E4DBD814B166F /* SuperAwesomeAdvertiserSDK */;
			targetProxy = EB2E561E9DC540C89F293008 /* PBXContainerItemProxy */;
		};
		C4A2005D371444068FA87B65 /* PBXTargetDependency */ = {
			isa = PBXTargetDependency;
			target = 595F7F4258DD4D579AA342D7 /* ZERO_CHECK */;
			targetProxy = 0F53D49E38124FC487A8E938 /* PBXContainerItemProxy */;
		};
		EF54D43A07094D658E257E40 /* PBXTargetDependency */ = {
			isa = PBXTargetDependency;
			target = 595F7F4258DD4D579AA342D7 /* ZERO_CHECK */;
			targetProxy = 54BED02680324F2191FE8B66 /* PBXContainerItemProxy */;
		};
/* End PBXTargetDependency section */

/* Begin XCBuildConfiguration section */
		001BB17986C44022A7830525 /* MinSizeRel */ = {
			isa = XCBuildConfiguration;
			buildSettings = {
				ARCHS = "$(ARCHS_STANDARD)";
				COMBINE_HIDPI_IMAGES = YES;
				DYLIB_COMPATIBILITY_VERSION = "";
				DYLIB_CURRENT_VERSION = "";
				EXECUTABLE_PREFIX = "";
				EXECUTABLE_SUFFIX = "";
				FRAMEWORK_VERSION = C;
				GCC_GENERATE_DEBUGGING_SYMBOLS = NO;
				GCC_INLINES_ARE_PRIVATE_EXTERN = NO;
				GCC_OPTIMIZATION_LEVEL = s;
				GCC_PREPROCESSOR_DEFINITIONS = ("'CMAKE_INTDIR=\"$(CONFIGURATION)$(EFFECTIVE_PLATFORM_NAME)\"'",SuperAwesomeAdvertiserSDK_EXPORTS);
				GCC_SYMBOLS_PRIVATE_EXTERN = NO;
				HEADER_SEARCH_PATHS = ("/Users/gabriel.coman/Workspace/sa-sdk-build-repo/adv-ios-build-framework/framework");
				INFOPLIST_FILE = "/Users/gabriel.coman/Workspace/sa-sdk-build-repo/adv-ios-build-framework/framework/src/CMakeFiles/SuperAwesomeAdvertiserSDK.dir/Info.plist";
				INSTALL_PATH = "@rpath";
				IPHONEOS_DEPLOYMENT_TARGET = 8.0;
				LIBRARY_SEARCH_PATHS = "";
				LIBRARY_STYLE = DYNAMIC;
				ONLY_ACTIVE_ARCH = NO;
				OTHER_CFLAGS = "    -DNDEBUG -fPIC -fobjc-arc -fmodules -fembed-bitcode  ";
				OTHER_LDFLAGS = "  ";
				OTHER_REZFLAGS = "";
				PRODUCT_NAME = SuperAwesomeAdvertiserSDK;
				SECTORDER_FLAGS = "";
				SYMROOT = "/Users/gabriel.coman/Workspace/sa-sdk-build-repo/adv-ios-build-framework/framework/src";
				USE_HEADERMAP = NO;
				WARNING_CFLAGS = ("-Wmost","-Wno-four-char-constants","-Wno-unknown-pragmas","$(inherited)");
			};
			name = MinSizeRel;
		};
		06E11EFD02A4409B951C4582 /* Debug */ = {
			isa = XCBuildConfiguration;
			buildSettings = {
				COMBINE_HIDPI_IMAGES = YES;
				GCC_GENERATE_DEBUGGING_SYMBOLS = YES;
				GCC_INLINES_ARE_PRIVATE_EXTERN = NO;
				GCC_OPTIMIZATION_LEVEL = 0;
				GCC_PREPROCESSOR_DEFINITIONS = ("'CMAKE_INTDIR=\"$(CONFIGURATION)$(EFFECTIVE_PLATFORM_NAME)\"'");
				GCC_SYMBOLS_PRIVATE_EXTERN = NO;
				HEADER_SEARCH_PATHS = ("/Users/gabriel.coman/Workspace/sa-sdk-build-repo/adv-ios-build-framework/framework");
				INSTALL_PATH = "";
				OTHER_LDFLAGS = " ";
				OTHER_REZFLAGS = "";
				PRODUCT_NAME = ZERO_CHECK;
				SECTORDER_FLAGS = "";
				SYMROOT = "/Users/gabriel.coman/Workspace/sa-sdk-build-repo/adv-ios-build-framework/framework";
				USE_HEADERMAP = NO;
				WARNING_CFLAGS = ("-Wmost","-Wno-four-char-constants","-Wno-unknown-pragmas","$(inherited)");
			};
			name = Debug;
		};
		1280300A90A948DBA1204415 /* Debug */ = {
			isa = XCBuildConfiguration;
			buildSettings = {
				ARCHS = "$(ARCHS_STANDARD)";
				COMBINE_HIDPI_IMAGES = YES;
				DYLIB_COMPATIBILITY_VERSION = "";
				DYLIB_CURRENT_VERSION = "";
				EXECUTABLE_PREFIX = "";
				EXECUTABLE_SUFFIX = "";
				FRAMEWORK_VERSION = C;
				GCC_GENERATE_DEBUGGING_SYMBOLS = YES;
				GCC_INLINES_ARE_PRIVATE_EXTERN = NO;
				GCC_OPTIMIZATION_LEVEL = 0;
				GCC_PREPROCESSOR_DEFINITIONS = ("'CMAKE_INTDIR=\"$(CONFIGURATION)$(EFFECTIVE_PLATFORM_NAME)\"'",SuperAwesomeAdvertiserSDK_EXPORTS);
				GCC_SYMBOLS_PRIVATE_EXTERN = NO;
				HEADER_SEARCH_PATHS = ("/Users/gabriel.coman/Workspace/sa-sdk-build-repo/adv-ios-build-framework/framework");
				INFOPLIST_FILE = "/Users/gabriel.coman/Workspace/sa-sdk-build-repo/adv-ios-build-framework/framework/src/CMakeFiles/SuperAwesomeAdvertiserSDK.dir/Info.plist";
				INSTALL_PATH = "@rpath";
				IPHONEOS_DEPLOYMENT_TARGET = 8.0;
				LIBRARY_SEARCH_PATHS = "";
				LIBRARY_STYLE = DYNAMIC;
				ONLY_ACTIVE_ARCH = NO;
				OTHER_CFLAGS = "   -fPIC -fobjc-arc -fmodules -fembed-bitcode  ";
				OTHER_LDFLAGS = "  ";
				OTHER_REZFLAGS = "";
				PRODUCT_NAME = SuperAwesomeAdvertiserSDK;
				SECTORDER_FLAGS = "";
				SYMROOT = "/Users/gabriel.coman/Workspace/sa-sdk-build-repo/adv-ios-build-framework/framework/src";
				USE_HEADERMAP = NO;
				WARNING_CFLAGS = ("-Wmost","-Wno-four-char-constants","-Wno-unknown-pragmas","$(inherited)");
			};
			name = Debug;
		};
		15459E4EA88D436F9420B895 /* MinSizeRel */ = {
			isa = XCBuildConfiguration;
			buildSettings = {
				COMBINE_HIDPI_IMAGES = YES;
				GCC_GENERATE_DEBUGGING_SYMBOLS = YES;
				GCC_INLINES_ARE_PRIVATE_EXTERN = NO;
				GCC_OPTIMIZATION_LEVEL = 0;
				GCC_PREPROCESSOR_DEFINITIONS = ("'CMAKE_INTDIR=\"$(CONFIGURATION)$(EFFECTIVE_PLATFORM_NAME)\"'");
				GCC_SYMBOLS_PRIVATE_EXTERN = NO;
				HEADER_SEARCH_PATHS = ("/Users/gabriel.coman/Workspace/sa-sdk-build-repo/adv-ios-build-framework/framework");
				INSTALL_PATH = "";
				OTHER_LDFLAGS = " ";
				OTHER_REZFLAGS = "";
				PRODUCT_NAME = ZERO_CHECK;
				SECTORDER_FLAGS = "";
				SYMROOT = "/Users/gabriel.coman/Workspace/sa-sdk-build-repo/adv-ios-build-framework/framework";
				USE_HEADERMAP = NO;
				WARNING_CFLAGS = ("-Wmost","-Wno-four-char-constants","-Wno-unknown-pragmas","$(inherited)");
			};
			name = MinSizeRel;
		};
		1B905163ED704706AEE43592 /* Release */ = {
			isa = XCBuildConfiguration;
			buildSettings = {
				ARCHS = "$(ARCHS_STANDARD)";
				COMBINE_HIDPI_IMAGES = YES;
				DYLIB_COMPATIBILITY_VERSION = "";
				DYLIB_CURRENT_VERSION = "";
				EXECUTABLE_PREFIX = "";
				EXECUTABLE_SUFFIX = "";
				FRAMEWORK_VERSION = C;
				GCC_GENERATE_DEBUGGING_SYMBOLS = NO;
				GCC_INLINES_ARE_PRIVATE_EXTERN = NO;
				GCC_OPTIMIZATION_LEVEL = 3;
				GCC_PREPROCESSOR_DEFINITIONS = ("'CMAKE_INTDIR=\"$(CONFIGURATION)$(EFFECTIVE_PLATFORM_NAME)\"'",SuperAwesomeAdvertiserSDK_EXPORTS);
				GCC_SYMBOLS_PRIVATE_EXTERN = NO;
				HEADER_SEARCH_PATHS = ("/Users/gabriel.coman/Workspace/sa-sdk-build-repo/adv-ios-build-framework/framework");
				INFOPLIST_FILE = "/Users/gabriel.coman/Workspace/sa-sdk-build-repo/adv-ios-build-framework/framework/src/CMakeFiles/SuperAwesomeAdvertiserSDK.dir/Info.plist";
				INSTALL_PATH = "@rpath";
				IPHONEOS_DEPLOYMENT_TARGET = 8.0;
				LIBRARY_SEARCH_PATHS = "";
				LIBRARY_STYLE = DYNAMIC;
				ONLY_ACTIVE_ARCH = NO;
				OTHER_CFLAGS = "    -DNDEBUG -fPIC -fobjc-arc -fmodules -fembed-bitcode  ";
				OTHER_LDFLAGS = "  ";
				OTHER_REZFLAGS = "";
				PRODUCT_NAME = SuperAwesomeAdvertiserSDK;
				SECTORDER_FLAGS = "";
				SYMROOT = "/Users/gabriel.coman/Workspace/sa-sdk-build-repo/adv-ios-build-framework/framework/src";
				USE_HEADERMAP = NO;
				WARNING_CFLAGS = ("-Wmost","-Wno-four-char-constants","-Wno-unknown-pragmas","$(inherited)");
			};
			name = Release;
		};
		536BB16129EC41C289E57642 /* MinSizeRel */ = {
			isa = XCBuildConfiguration;
			buildSettings = {
				COMBINE_HIDPI_IMAGES = YES;
				GCC_GENERATE_DEBUGGING_SYMBOLS = YES;
				GCC_INLINES_ARE_PRIVATE_EXTERN = NO;
				GCC_OPTIMIZATION_LEVEL = 0;
				GCC_PREPROCESSOR_DEFINITIONS = ("'CMAKE_INTDIR=\"$(CONFIGURATION)$(EFFECTIVE_PLATFORM_NAME)\"'");
				GCC_SYMBOLS_PRIVATE_EXTERN = NO;
				HEADER_SEARCH_PATHS = ("/Users/gabriel.coman/Workspace/sa-sdk-build-repo/adv-ios-build-framework/framework");
				INSTALL_PATH = "";
				OTHER_LDFLAGS = " ";
				OTHER_REZFLAGS = "";
				PRODUCT_NAME = ALL_BUILD;
				SECTORDER_FLAGS = "";
				SYMROOT = "/Users/gabriel.coman/Workspace/sa-sdk-build-repo/adv-ios-build-framework/framework";
				USE_HEADERMAP = NO;
				WARNING_CFLAGS = ("-Wmost","-Wno-four-char-constants","-Wno-unknown-pragmas","$(inherited)");
			};
			name = MinSizeRel;
		};
		569567B2789D4D31B6ECAA7F /* MinSizeRel */ = {
			isa = XCBuildConfiguration;
			buildSettings = {
				ARCHS = "$(ARCHS_STANDARD)";
				MACOSX_DEPLOYMENT_TARGET = "iOS 8.0";
				SDKROOT = /Applications/Xcode.app/Contents/Developer/Platforms/iPhoneOS.platform/Developer/SDKs/iPhoneOS11.0.sdk;
				SYMROOT = "/Users/gabriel.coman/Workspace/sa-sdk-build-repo/adv-ios-build-framework/framework/build";
			};
			name = MinSizeRel;
		};
		5842CF9042E845E89E0DFF5C /* Debug */ = {
			isa = XCBuildConfiguration;
			buildSettings = {
				ARCHS = "$(ARCHS_STANDARD)";
				MACOSX_DEPLOYMENT_TARGET = "iOS 8.0";
				SDKROOT = /Applications/Xcode.app/Contents/Developer/Platforms/iPhoneOS.platform/Developer/SDKs/iPhoneOS11.0.sdk;
				SYMROOT = "/Users/gabriel.coman/Workspace/sa-sdk-build-repo/adv-ios-build-framework/framework/build";
			};
			name = Debug;
		};
		58A0FA92BA1D48BF97779E04 /* RelWithDebInfo */ = {
			isa = XCBuildConfiguration;
			buildSettings = {
				COMBINE_HIDPI_IMAGES = YES;
				GCC_GENERATE_DEBUGGING_SYMBOLS = YES;
				GCC_INLINES_ARE_PRIVATE_EXTERN = NO;
				GCC_OPTIMIZATION_LEVEL = 0;
				GCC_PREPROCESSOR_DEFINITIONS = ("'CMAKE_INTDIR=\"$(CONFIGURATION)$(EFFECTIVE_PLATFORM_NAME)\"'");
				GCC_SYMBOLS_PRIVATE_EXTERN = NO;
				HEADER_SEARCH_PATHS = ("/Users/gabriel.coman/Workspace/sa-sdk-build-repo/adv-ios-build-framework/framework");
				INSTALL_PATH = "";
				OTHER_LDFLAGS = " ";
				OTHER_REZFLAGS = "";
				PRODUCT_NAME = ALL_BUILD;
				SECTORDER_FLAGS = "";
				SYMROOT = "/Users/gabriel.coman/Workspace/sa-sdk-build-repo/adv-ios-build-framework/framework";
				USE_HEADERMAP = NO;
				WARNING_CFLAGS = ("-Wmost","-Wno-four-char-constants","-Wno-unknown-pragmas","$(inherited)");
			};
			name = RelWithDebInfo;
		};
		65CB86E8E47243A4A16F6E9F /* Release */ = {
			isa = XCBuildConfiguration;
			buildSettings = {
				ARCHS = "$(ARCHS_STANDARD)";
				MACOSX_DEPLOYMENT_TARGET = "iOS 8.0";
				SDKROOT = /Applications/Xcode.app/Contents/Developer/Platforms/iPhoneOS.platform/Developer/SDKs/iPhoneOS11.0.sdk;
				SYMROOT = "/Users/gabriel.coman/Workspace/sa-sdk-build-repo/adv-ios-build-framework/framework/build";
			};
			name = Release;
		};
		92E5D9B7307D434CA79F98AB /* Release */ = {
			isa = XCBuildConfiguration;
			buildSettings = {
				COMBINE_HIDPI_IMAGES = YES;
				GCC_GENERATE_DEBUGGING_SYMBOLS = YES;
				GCC_INLINES_ARE_PRIVATE_EXTERN = NO;
				GCC_OPTIMIZATION_LEVEL = 0;
				GCC_PREPROCESSOR_DEFINITIONS = ("'CMAKE_INTDIR=\"$(CONFIGURATION)$(EFFECTIVE_PLATFORM_NAME)\"'");
				GCC_SYMBOLS_PRIVATE_EXTERN = NO;
				HEADER_SEARCH_PATHS = ("/Users/gabriel.coman/Workspace/sa-sdk-build-repo/adv-ios-build-framework/framework");
				INSTALL_PATH = "";
				OTHER_LDFLAGS = " ";
				OTHER_REZFLAGS = "";
				PRODUCT_NAME = ALL_BUILD;
				SECTORDER_FLAGS = "";
				SYMROOT = "/Users/gabriel.coman/Workspace/sa-sdk-build-repo/adv-ios-build-framework/framework";
				USE_HEADERMAP = NO;
				WARNING_CFLAGS = ("-Wmost","-Wno-four-char-constants","-Wno-unknown-pragmas","$(inherited)");
			};
			name = Release;
		};
		9863D0B17B924A269E2F0408 /* Release */ = {
			isa = XCBuildConfiguration;
			buildSettings = {
				COMBINE_HIDPI_IMAGES = YES;
				GCC_GENERATE_DEBUGGING_SYMBOLS = YES;
				GCC_INLINES_ARE_PRIVATE_EXTERN = NO;
				GCC_OPTIMIZATION_LEVEL = 0;
				GCC_PREPROCESSOR_DEFINITIONS = ("'CMAKE_INTDIR=\"$(CONFIGURATION)$(EFFECTIVE_PLATFORM_NAME)\"'");
				GCC_SYMBOLS_PRIVATE_EXTERN = NO;
				HEADER_SEARCH_PATHS = ("/Users/gabriel.coman/Workspace/sa-sdk-build-repo/adv-ios-build-framework/framework");
				INSTALL_PATH = "";
				OTHER_LDFLAGS = " ";
				OTHER_REZFLAGS = "";
				PRODUCT_NAME = ZERO_CHECK;
				SECTORDER_FLAGS = "";
				SYMROOT = "/Users/gabriel.coman/Workspace/sa-sdk-build-repo/adv-ios-build-framework/framework";
				USE_HEADERMAP = NO;
				WARNING_CFLAGS = ("-Wmost","-Wno-four-char-constants","-Wno-unknown-pragmas","$(inherited)");
			};
			name = Release;
		};
		BDDF47EA02D44201927053A0 /* RelWithDebInfo */ = {
			isa = XCBuildConfiguration;
			buildSettings = {
				COMBINE_HIDPI_IMAGES = YES;
				GCC_GENERATE_DEBUGGING_SYMBOLS = YES;
				GCC_INLINES_ARE_PRIVATE_EXTERN = NO;
				GCC_OPTIMIZATION_LEVEL = 0;
				GCC_PREPROCESSOR_DEFINITIONS = ("'CMAKE_INTDIR=\"$(CONFIGURATION)$(EFFECTIVE_PLATFORM_NAME)\"'");
				GCC_SYMBOLS_PRIVATE_EXTERN = NO;
				HEADER_SEARCH_PATHS = ("/Users/gabriel.coman/Workspace/sa-sdk-build-repo/adv-ios-build-framework/framework");
				INSTALL_PATH = "";
				OTHER_LDFLAGS = " ";
				OTHER_REZFLAGS = "";
				PRODUCT_NAME = ZERO_CHECK;
				SECTORDER_FLAGS = "";
				SYMROOT = "/Users/gabriel.coman/Workspace/sa-sdk-build-repo/adv-ios-build-framework/framework";
				USE_HEADERMAP = NO;
				WARNING_CFLAGS = ("-Wmost","-Wno-four-char-constants","-Wno-unknown-pragmas","$(inherited)");
			};
			name = RelWithDebInfo;
		};
		CE23AF33CB2F4FF8B40DA22C /* RelWithDebInfo */ = {
			isa = XCBuildConfiguration;
			buildSettings = {
				ARCHS = "$(ARCHS_STANDARD)";
				COMBINE_HIDPI_IMAGES = YES;
				DYLIB_COMPATIBILITY_VERSION = "";
				DYLIB_CURRENT_VERSION = "";
				EXECUTABLE_PREFIX = "";
				EXECUTABLE_SUFFIX = "";
				FRAMEWORK_VERSION = C;
				GCC_GENERATE_DEBUGGING_SYMBOLS = YES;
				GCC_INLINES_ARE_PRIVATE_EXTERN = NO;
				GCC_OPTIMIZATION_LEVEL = 2;
				GCC_PREPROCESSOR_DEFINITIONS = ("'CMAKE_INTDIR=\"$(CONFIGURATION)$(EFFECTIVE_PLATFORM_NAME)\"'",SuperAwesomeAdvertiserSDK_EXPORTS);
				GCC_SYMBOLS_PRIVATE_EXTERN = NO;
				HEADER_SEARCH_PATHS = ("/Users/gabriel.coman/Workspace/sa-sdk-build-repo/adv-ios-build-framework/framework");
				INFOPLIST_FILE = "/Users/gabriel.coman/Workspace/sa-sdk-build-repo/adv-ios-build-framework/framework/src/CMakeFiles/SuperAwesomeAdvertiserSDK.dir/Info.plist";
				INSTALL_PATH = "@rpath";
				IPHONEOS_DEPLOYMENT_TARGET = 8.0;
				LIBRARY_SEARCH_PATHS = "";
				LIBRARY_STYLE = DYNAMIC;
				ONLY_ACTIVE_ARCH = NO;
				OTHER_CFLAGS = "       -DNDEBUG -fPIC -fobjc-arc -fmodules -fembed-bitcode  ";
				OTHER_LDFLAGS = "  ";
				OTHER_REZFLAGS = "";
				PRODUCT_NAME = SuperAwesomeAdvertiserSDK;
				SECTORDER_FLAGS = "";
				SYMROOT = "/Users/gabriel.coman/Workspace/sa-sdk-build-repo/adv-ios-build-framework/framework/src";
				USE_HEADERMAP = NO;
				WARNING_CFLAGS = ("-Wmost","-Wno-four-char-constants","-Wno-unknown-pragmas","$(inherited)");
			};
			name = RelWithDebInfo;
		};
		D3EA98ADCD714074A142C8E6 /* Debug */ = {
			isa = XCBuildConfiguration;
			buildSettings = {
				COMBINE_HIDPI_IMAGES = YES;
				GCC_GENERATE_DEBUGGING_SYMBOLS = YES;
				GCC_INLINES_ARE_PRIVATE_EXTERN = NO;
				GCC_OPTIMIZATION_LEVEL = 0;
				GCC_PREPROCESSOR_DEFINITIONS = ("'CMAKE_INTDIR=\"$(CONFIGURATION)$(EFFECTIVE_PLATFORM_NAME)\"'");
				GCC_SYMBOLS_PRIVATE_EXTERN = NO;
				HEADER_SEARCH_PATHS = ("/Users/gabriel.coman/Workspace/sa-sdk-build-repo/adv-ios-build-framework/framework");
				INSTALL_PATH = "";
				OTHER_LDFLAGS = " ";
				OTHER_REZFLAGS = "";
				PRODUCT_NAME = ALL_BUILD;
				SECTORDER_FLAGS = "";
				SYMROOT = "/Users/gabriel.coman/Workspace/sa-sdk-build-repo/adv-ios-build-framework/framework";
				USE_HEADERMAP = NO;
				WARNING_CFLAGS = ("-Wmost","-Wno-four-char-constants","-Wno-unknown-pragmas","$(inherited)");
			};
			name = Debug;
		};
		EB4F28A10C5843B38E807ADB /* RelWithDebInfo */ = {
			isa = XCBuildConfiguration;
			buildSettings = {
				ARCHS = "$(ARCHS_STANDARD)";
				MACOSX_DEPLOYMENT_TARGET = "iOS 8.0";
				SDKROOT = /Applications/Xcode.app/Contents/Developer/Platforms/iPhoneOS.platform/Developer/SDKs/iPhoneOS11.0.sdk;
				SYMROOT = "/Users/gabriel.coman/Workspace/sa-sdk-build-repo/adv-ios-build-framework/framework/build";
			};
			name = RelWithDebInfo;
		};
/* End XCBuildConfiguration section */

/* Begin XCConfigurationList section */
		419D9164DF1B4762A5E34C3C /* Build configuration list for PBXAggregateTarget "ALL_BUILD" */ = {
			isa = XCConfigurationList;
			buildConfigurations = (
				D3EA98ADCD714074A142C8E6 /* Debug */,
				92E5D9B7307D434CA79F98AB /* Release */,
				536BB16129EC41C289E57642 /* MinSizeRel */,
				58A0FA92BA1D48BF97779E04 /* RelWithDebInfo */,
			);
			defaultConfigurationIsVisible = 0;
			defaultConfigurationName = Debug;
		};
		65957EF100D14922ACA653F1 /* Build configuration list for PBXAggregateTarget "ZERO_CHECK" */ = {
			isa = XCConfigurationList;
			buildConfigurations = (
				06E11EFD02A4409B951C4582 /* Debug */,
				9863D0B17B924A269E2F0408 /* Release */,
				15459E4EA88D436F9420B895 /* MinSizeRel */,
				BDDF47EA02D44201927053A0 /* RelWithDebInfo */,
			);
			defaultConfigurationIsVisible = 0;
			defaultConfigurationName = Debug;
		};
		74CD5F4A928E4250AE45AB59 /* Build configuration list for PBXNativeTarget "SuperAwesomeAdvertiserSDK" */ = {
			isa = XCConfigurationList;
			buildConfigurations = (
				1280300A90A948DBA1204415 /* Debug */,
				1B905163ED704706AEE43592 /* Release */,
				001BB17986C44022A7830525 /* MinSizeRel */,
				CE23AF33CB2F4FF8B40DA22C /* RelWithDebInfo */,
			);
			defaultConfigurationIsVisible = 0;
			defaultConfigurationName = Debug;
		};
		DB6C9C13296144ADB7EDAB04 /* Build configuration list for PBXProject "SuperAwesomeAdvertiserSDK" */ = {
			isa = XCConfigurationList;
			buildConfigurations = (
				5842CF9042E845E89E0DFF5C /* Debug */,
				65CB86E8E47243A4A16F6E9F /* Release */,
				569567B2789D4D31B6ECAA7F /* MinSizeRel */,
				EB4F28A10C5843B38E807ADB /* RelWithDebInfo */,
			);
			defaultConfigurationIsVisible = 0;
			defaultConfigurationName = Debug;
		};
/* End XCConfigurationList section */
	};
	rootObject = D0332E6D91834C148FFEA658 /* Project object */;
}
