// !$*UTF8*$!
{
	archiveVersion = 1;
	classes = {
	};
	objectVersion = 46;
	objects = {

/* Begin PBXBuildFile section */
		1BD3DF571E08551E00D749BB /* NSArray+SAJson.h in Headers */ = {isa = PBXBuildFile; fileRef = 1BD3DEFF1E08551E00D749BB /* NSArray+SAJson.h */; };
		1BD3DF581E08551E00D749BB /* NSArray+SAJson.m in Sources */ = {isa = PBXBuildFile; fileRef = 1BD3DF001E08551E00D749BB /* NSArray+SAJson.m */; };
		1BD3DF591E08551E00D749BB /* NSDictionary+SafeHandling.h in Headers */ = {isa = PBXBuildFile; fileRef = 1BD3DF011E08551E00D749BB /* NSDictionary+SafeHandling.h */; };
		1BD3DF5A1E08551E00D749BB /* NSDictionary+SafeHandling.m in Sources */ = {isa = PBXBuildFile; fileRef = 1BD3DF021E08551E00D749BB /* NSDictionary+SafeHandling.m */; };
		1BD3DF5B1E08551E00D749BB /* NSDictionary+SAJson.h in Headers */ = {isa = PBXBuildFile; fileRef = 1BD3DF031E08551E00D749BB /* NSDictionary+SAJson.h */; };
		1BD3DF5C1E08551E00D749BB /* NSDictionary+SAJson.m in Sources */ = {isa = PBXBuildFile; fileRef = 1BD3DF041E08551E00D749BB /* NSDictionary+SAJson.m */; };
		1BD3DF5D1E08551E00D749BB /* NSString+HTML.h in Headers */ = {isa = PBXBuildFile; fileRef = 1BD3DF051E08551E00D749BB /* NSString+HTML.h */; };
		1BD3DF5E1E08551E00D749BB /* NSString+HTML.m in Sources */ = {isa = PBXBuildFile; fileRef = 1BD3DF061E08551E00D749BB /* NSString+HTML.m */; };
		1BD3DF5F1E08551E00D749BB /* SAActivityView.h in Headers */ = {isa = PBXBuildFile; fileRef = 1BD3DF071E08551E00D749BB /* SAActivityView.h */; };
		1BD3DF601E08551E00D749BB /* SAActivityView.m in Sources */ = {isa = PBXBuildFile; fileRef = 1BD3DF081E08551E00D749BB /* SAActivityView.m */; };
		1BD3DF611E08551E00D749BB /* SAAd.h in Headers */ = {isa = PBXBuildFile; fileRef = 1BD3DF091E08551E00D749BB /* SAAd.h */; };
		1BD3DF621E08551E00D749BB /* SAAd.m in Sources */ = {isa = PBXBuildFile; fileRef = 1BD3DF0A1E08551E00D749BB /* SAAd.m */; };
		1BD3DF631E08551E00D749BB /* SAAdParser.h in Headers */ = {isa = PBXBuildFile; fileRef = 1BD3DF0B1E08551E00D749BB /* SAAdParser.h */; };
		1BD3DF641E08551E00D749BB /* SAAdParser.m in Sources */ = {isa = PBXBuildFile; fileRef = 1BD3DF0C1E08551E00D749BB /* SAAdParser.m */; };
		1BD3DF651E08551E00D749BB /* SAAppWall.h in Headers */ = {isa = PBXBuildFile; fileRef = 1BD3DF0D1E08551E00D749BB /* SAAppWall.h */; };
		1BD3DF661E08551E00D749BB /* SAAppWall.m in Sources */ = {isa = PBXBuildFile; fileRef = 1BD3DF0E1E08551E00D749BB /* SAAppWall.m */; };
		1BD3DF671E08551E00D749BB /* SAAppWallParser.h in Headers */ = {isa = PBXBuildFile; fileRef = 1BD3DF0F1E08551E00D749BB /* SAAppWallParser.h */; };
		1BD3DF681E08551E00D749BB /* SAAppWallParser.m in Sources */ = {isa = PBXBuildFile; fileRef = 1BD3DF101E08551E00D749BB /* SAAppWallParser.m */; };
		1BD3DF691E08551E00D749BB /* SABannerAd.h in Headers */ = {isa = PBXBuildFile; fileRef = 1BD3DF111E08551E00D749BB /* SABannerAd.h */; };
		1BD3DF6A1E08551E00D749BB /* SABannerAd.m in Sources */ = {isa = PBXBuildFile; fileRef = 1BD3DF121E08551E00D749BB /* SABannerAd.m */; };
		1BD3DF6B1E08551E00D749BB /* SABaseObject.h in Headers */ = {isa = PBXBuildFile; fileRef = 1BD3DF131E08551E00D749BB /* SABaseObject.h */; };
		1BD3DF6C1E08551E00D749BB /* SABaseObject.m in Sources */ = {isa = PBXBuildFile; fileRef = 1BD3DF141E08551E00D749BB /* SABaseObject.m */; };
		1BD3DF6D1E08551E00D749BB /* SABlackMask.h in Headers */ = {isa = PBXBuildFile; fileRef = 1BD3DF151E08551E00D749BB /* SABlackMask.h */; };
		1BD3DF6E1E08551E00D749BB /* SABlackMask.m in Sources */ = {isa = PBXBuildFile; fileRef = 1BD3DF161E08551E00D749BB /* SABlackMask.m */; };
		1BD3DF6F1E08551E00D749BB /* SACallback.h in Headers */ = {isa = PBXBuildFile; fileRef = 1BD3DF171E08551E00D749BB /* SACallback.h */; };
		1BD3DF701E08551E00D749BB /* SACapper.h in Headers */ = {isa = PBXBuildFile; fileRef = 1BD3DF181E08551E00D749BB /* SACapper.h */; };
		1BD3DF711E08551E00D749BB /* SACapper.m in Sources */ = {isa = PBXBuildFile; fileRef = 1BD3DF191E08551E00D749BB /* SACapper.m */; };
		1BD3DF721E08551E00D749BB /* SACPI.h in Headers */ = {isa = PBXBuildFile; fileRef = 1BD3DF1A1E08551E00D749BB /* SACPI.h */; };
		1BD3DF731E08551E00D749BB /* SACPI.m in Sources */ = {isa = PBXBuildFile; fileRef = 1BD3DF1B1E08551E00D749BB /* SACPI.m */; };
		1BD3DF741E08551E00D749BB /* SACreative.h in Headers */ = {isa = PBXBuildFile; fileRef = 1BD3DF1C1E08551E00D749BB /* SACreative.h */; };
		1BD3DF751E08551E00D749BB /* SACreative.m in Sources */ = {isa = PBXBuildFile; fileRef = 1BD3DF1D1E08551E00D749BB /* SACreative.m */; };
		1BD3DF761E08551E00D749BB /* SACronograph.h in Headers */ = {isa = PBXBuildFile; fileRef = 1BD3DF1E1E08551E00D749BB /* SACronograph.h */; };
		1BD3DF771E08551E00D749BB /* SACronograph.m in Sources */ = {isa = PBXBuildFile; fileRef = 1BD3DF1F1E08551E00D749BB /* SACronograph.m */; };
		1BD3DF781E08551E00D749BB /* SADetails.h in Headers */ = {isa = PBXBuildFile; fileRef = 1BD3DF201E08551E00D749BB /* SADetails.h */; };
		1BD3DF791E08551E00D749BB /* SADetails.m in Sources */ = {isa = PBXBuildFile; fileRef = 1BD3DF211E08551E00D749BB /* SADetails.m */; };
		1BD3DF7A1E08551E00D749BB /* SADownloadItem.h in Headers */ = {isa = PBXBuildFile; fileRef = 1BD3DF221E08551E00D749BB /* SADownloadItem.h */; };
		1BD3DF7B1E08551E00D749BB /* SADownloadItem.m in Sources */ = {isa = PBXBuildFile; fileRef = 1BD3DF231E08551E00D749BB /* SADownloadItem.m */; };
		1BD3DF7C1E08551E00D749BB /* SADownloadQueue.h in Headers */ = {isa = PBXBuildFile; fileRef = 1BD3DF241E08551E00D749BB /* SADownloadQueue.h */; };
		1BD3DF7D1E08551E00D749BB /* SADownloadQueue.m in Sources */ = {isa = PBXBuildFile; fileRef = 1BD3DF251E08551E00D749BB /* SADownloadQueue.m */; };
		1BD3DF7E1E08551E00D749BB /* SAEvents.h in Headers */ = {isa = PBXBuildFile; fileRef = 1BD3DF261E08551E00D749BB /* SAEvents.h */; };
		1BD3DF7F1E08551E00D749BB /* SAEvents.m in Sources */ = {isa = PBXBuildFile; fileRef = 1BD3DF271E08551E00D749BB /* SAEvents.m */; };
		1BD3DF801E08551E00D749BB /* SAExtensions.h in Headers */ = {isa = PBXBuildFile; fileRef = 1BD3DF281E08551E00D749BB /* SAExtensions.h */; };
		1BD3DF811E08551E00D749BB /* SAExtensions.m in Sources */ = {isa = PBXBuildFile; fileRef = 1BD3DF291E08551E00D749BB /* SAExtensions.m */; };
		1BD3DF821E08551E00D749BB /* SAFileDownloader.h in Headers */ = {isa = PBXBuildFile; fileRef = 1BD3DF2A1E08551E00D749BB /* SAFileDownloader.h */; };
		1BD3DF831E08551E00D749BB /* SAFileDownloader.m in Sources */ = {isa = PBXBuildFile; fileRef = 1BD3DF2B1E08551E00D749BB /* SAFileDownloader.m */; };
		1BD3DF841E08551E00D749BB /* SAHTMLParser.h in Headers */ = {isa = PBXBuildFile; fileRef = 1BD3DF2C1E08551E00D749BB /* SAHTMLParser.h */; };
		1BD3DF851E08551E00D749BB /* SAHTMLParser.m in Sources */ = {isa = PBXBuildFile; fileRef = 1BD3DF2D1E08551E00D749BB /* SAHTMLParser.m */; };
		1BD3DF861E08551E00D749BB /* SAImageUtils.h in Headers */ = {isa = PBXBuildFile; fileRef = 1BD3DF2E1E08551E00D749BB /* SAImageUtils.h */; };
		1BD3DF871E08551E00D749BB /* SAImageUtils.m in Sources */ = {isa = PBXBuildFile; fileRef = 1BD3DF2F1E08551E00D749BB /* SAImageUtils.m */; };
		1BD3DF881E08551E00D749BB /* SAInterstitialAd.h in Headers */ = {isa = PBXBuildFile; fileRef = 1BD3DF301E08551E00D749BB /* SAInterstitialAd.h */; };
		1BD3DF891E08551E00D749BB /* SAInterstitialAd.m in Sources */ = {isa = PBXBuildFile; fileRef = 1BD3DF311E08551E00D749BB /* SAInterstitialAd.m */; };
		1BD3DF8A1E08551E00D749BB /* SAJsonParser.h in Headers */ = {isa = PBXBuildFile; fileRef = 1BD3DF321E08551E00D749BB /* SAJsonParser.h */; };
		1BD3DF8B1E08551E00D749BB /* SALoader.h in Headers */ = {isa = PBXBuildFile; fileRef = 1BD3DF331E08551E00D749BB /* SALoader.h */; };
		1BD3DF8C1E08551E00D749BB /* SALoader.m in Sources */ = {isa = PBXBuildFile; fileRef = 1BD3DF341E08551E00D749BB /* SALoader.m */; };
		1BD3DF8D1E08551E00D749BB /* SALogger.h in Headers */ = {isa = PBXBuildFile; fileRef = 1BD3DF351E08551E00D749BB /* SALogger.h */; };
		1BD3DF8E1E08551E00D749BB /* SALogger.m in Sources */ = {isa = PBXBuildFile; fileRef = 1BD3DF361E08551E00D749BB /* SALogger.m */; };
		1BD3DF8F1E08551E00D749BB /* SAMedia.h in Headers */ = {isa = PBXBuildFile; fileRef = 1BD3DF371E08551E00D749BB /* SAMedia.h */; };
		1BD3DF901E08551E00D749BB /* SAMedia.m in Sources */ = {isa = PBXBuildFile; fileRef = 1BD3DF381E08551E00D749BB /* SAMedia.m */; };
		1BD3DF911E08551E00D749BB /* SANetwork.h in Headers */ = {isa = PBXBuildFile; fileRef = 1BD3DF391E08551E00D749BB /* SANetwork.h */; };
		1BD3DF921E08551E00D749BB /* SANetwork.m in Sources */ = {isa = PBXBuildFile; fileRef = 1BD3DF3A1E08551E00D749BB /* SANetwork.m */; };
		1BD3DF931E08551E00D749BB /* SAOrientation.h in Headers */ = {isa = PBXBuildFile; fileRef = 1BD3DF3B1E08551E00D749BB /* SAOrientation.h */; };
		1BD3DF941E08551E00D749BB /* SAParentalGate.h in Headers */ = {isa = PBXBuildFile; fileRef = 1BD3DF3C1E08551E00D749BB /* SAParentalGate.h */; };
		1BD3DF951E08551E00D749BB /* SAParentalGate.m in Sources */ = {isa = PBXBuildFile; fileRef = 1BD3DF3D1E08551E00D749BB /* SAParentalGate.m */; };
		1BD3DF961E08551E00D749BB /* SAPopup.h in Headers */ = {isa = PBXBuildFile; fileRef = 1BD3DF3E1E08551E00D749BB /* SAPopup.h */; };
		1BD3DF971E08551E00D749BB /* SAPopup.m in Sources */ = {isa = PBXBuildFile; fileRef = 1BD3DF3F1E08551E00D749BB /* SAPopup.m */; };
		1BD3DF981E08551E00D749BB /* SAResponse.h in Headers */ = {isa = PBXBuildFile; fileRef = 1BD3DF401E08551E00D749BB /* SAResponse.h */; };
		1BD3DF991E08551E00D749BB /* SAResponse.m in Sources */ = {isa = PBXBuildFile; fileRef = 1BD3DF411E08551E00D749BB /* SAResponse.m */; };
		1BD3DF9A1E08551E00D749BB /* SASession.h in Headers */ = {isa = PBXBuildFile; fileRef = 1BD3DF421E08551E00D749BB /* SASession.h */; };
		1BD3DF9B1E08551E00D749BB /* SASession.m in Sources */ = {isa = PBXBuildFile; fileRef = 1BD3DF431E08551E00D749BB /* SASession.m */; };
		1BD3DF9C1E08551E00D749BB /* SASystemVersion.h in Headers */ = {isa = PBXBuildFile; fileRef = 1BD3DF441E08551E00D749BB /* SASystemVersion.h */; };
		1BD3DF9D1E08551E00D749BB /* SATracking.h in Headers */ = {isa = PBXBuildFile; fileRef = 1BD3DF451E08551E00D749BB /* SATracking.h */; };
		1BD3DF9E1E08551E00D749BB /* SATracking.m in Sources */ = {isa = PBXBuildFile; fileRef = 1BD3DF461E08551E00D749BB /* SATracking.m */; };
		1BD3DF9F1E08551E00D749BB /* SAURLClicker.h in Headers */ = {isa = PBXBuildFile; fileRef = 1BD3DF471E08551E00D749BB /* SAURLClicker.h */; };
		1BD3DFA01E08551E00D749BB /* SAURLClicker.m in Sources */ = {isa = PBXBuildFile; fileRef = 1BD3DF481E08551E00D749BB /* SAURLClicker.m */; };
		1BD3DFA11E08551E00D749BB /* SAUtils.h in Headers */ = {isa = PBXBuildFile; fileRef = 1BD3DF491E08551E00D749BB /* SAUtils.h */; };
		1BD3DFA21E08551E00D749BB /* SAUtils.m in Sources */ = {isa = PBXBuildFile; fileRef = 1BD3DF4A1E08551E00D749BB /* SAUtils.m */; };
		1BD3DFA31E08551E00D749BB /* SAVASTParser.h in Headers */ = {isa = PBXBuildFile; fileRef = 1BD3DF4B1E08551E00D749BB /* SAVASTParser.h */; };
		1BD3DFA41E08551E00D749BB /* SAVASTParser.m in Sources */ = {isa = PBXBuildFile; fileRef = 1BD3DF4C1E08551E00D749BB /* SAVASTParser.m */; };
		1BD3DFA51E08551E00D749BB /* SAVideoAd.h in Headers */ = {isa = PBXBuildFile; fileRef = 1BD3DF4D1E08551E00D749BB /* SAVideoAd.h */; };
		1BD3DFA61E08551E00D749BB /* SAVideoAd.m in Sources */ = {isa = PBXBuildFile; fileRef = 1BD3DF4E1E08551E00D749BB /* SAVideoAd.m */; };
		1BD3DFA71E08551E00D749BB /* SAVideoPlayer.h in Headers */ = {isa = PBXBuildFile; fileRef = 1BD3DF4F1E08551E00D749BB /* SAVideoPlayer.h */; };
		1BD3DFA81E08551E00D749BB /* SAVideoPlayer.m in Sources */ = {isa = PBXBuildFile; fileRef = 1BD3DF501E08551E00D749BB /* SAVideoPlayer.m */; };
		1BD3DFA91E08551E00D749BB /* SAWebPlayer.h in Headers */ = {isa = PBXBuildFile; fileRef = 1BD3DF511E08551E00D749BB /* SAWebPlayer.h */; };
		1BD3DFAA1E08551E00D749BB /* SAWebPlayer.m in Sources */ = {isa = PBXBuildFile; fileRef = 1BD3DF521E08551E00D749BB /* SAWebPlayer.m */; };
		1BD3DFAB1E08551E00D749BB /* SAXMLParser.h in Headers */ = {isa = PBXBuildFile; fileRef = 1BD3DF531E08551E00D749BB /* SAXMLParser.h */; };
		1BD3DFAC1E08551E00D749BB /* SAXMLParser.m in Sources */ = {isa = PBXBuildFile; fileRef = 1BD3DF541E08551E00D749BB /* SAXMLParser.m */; };
		1BD3DFAD1E08551E00D749BB /* SuperAwesome.h in Headers */ = {isa = PBXBuildFile; fileRef = 1BD3DF551E08551E00D749BB /* SuperAwesome.h */; };
		1BD3DFAE1E08551E00D749BB /* SuperAwesome.m in Sources */ = {isa = PBXBuildFile; fileRef = 1BD3DF561E08551E00D749BB /* SuperAwesome.m */; };
/* End PBXBuildFile section */

/* Begin PBXFileReference section */
		1B55FE1D1DE445A0007A7BC2 /* SuperAwesomeSDK.framework */ = {isa = PBXFileReference; explicitFileType = wrapper.framework; includeInIndex = 0; path = SuperAwesomeSDK.framework; sourceTree = BUILT_PRODUCTS_DIR; };
		1B55FE211DE445A0007A7BC2 /* Info.plist */ = {isa = PBXFileReference; lastKnownFileType = text.plist.xml; path = Info.plist; sourceTree = "<group>"; };
		1BD3DEFF1E08551E00D749BB /* NSArray+SAJson.h */ = {isa = PBXFileReference; fileEncoding = 4; lastKnownFileType = sourcecode.c.h; path = "NSArray+SAJson.h"; sourceTree = "<group>"; };
		1BD3DF001E08551E00D749BB /* NSArray+SAJson.m */ = {isa = PBXFileReference; fileEncoding = 4; lastKnownFileType = sourcecode.c.objc; path = "NSArray+SAJson.m"; sourceTree = "<group>"; };
		1BD3DF011E08551E00D749BB /* NSDictionary+SafeHandling.h */ = {isa = PBXFileReference; fileEncoding = 4; lastKnownFileType = sourcecode.c.h; path = "NSDictionary+SafeHandling.h"; sourceTree = "<group>"; };
		1BD3DF021E08551E00D749BB /* NSDictionary+SafeHandling.m */ = {isa = PBXFileReference; fileEncoding = 4; lastKnownFileType = sourcecode.c.objc; path = "NSDictionary+SafeHandling.m"; sourceTree = "<group>"; };
		1BD3DF031E08551E00D749BB /* NSDictionary+SAJson.h */ = {isa = PBXFileReference; fileEncoding = 4; lastKnownFileType = sourcecode.c.h; path = "NSDictionary+SAJson.h"; sourceTree = "<group>"; };
		1BD3DF041E08551E00D749BB /* NSDictionary+SAJson.m */ = {isa = PBXFileReference; fileEncoding = 4; lastKnownFileType = sourcecode.c.objc; path = "NSDictionary+SAJson.m"; sourceTree = "<group>"; };
		1BD3DF051E08551E00D749BB /* NSString+HTML.h */ = {isa = PBXFileReference; fileEncoding = 4; lastKnownFileType = sourcecode.c.h; path = "NSString+HTML.h"; sourceTree = "<group>"; };
		1BD3DF061E08551E00D749BB /* NSString+HTML.m */ = {isa = PBXFileReference; fileEncoding = 4; lastKnownFileType = sourcecode.c.objc; path = "NSString+HTML.m"; sourceTree = "<group>"; };
		1BD3DF071E08551E00D749BB /* SAActivityView.h */ = {isa = PBXFileReference; fileEncoding = 4; lastKnownFileType = sourcecode.c.h; path = SAActivityView.h; sourceTree = "<group>"; };
		1BD3DF081E08551E00D749BB /* SAActivityView.m */ = {isa = PBXFileReference; fileEncoding = 4; lastKnownFileType = sourcecode.c.objc; path = SAActivityView.m; sourceTree = "<group>"; };
		1BD3DF091E08551E00D749BB /* SAAd.h */ = {isa = PBXFileReference; fileEncoding = 4; lastKnownFileType = sourcecode.c.h; path = SAAd.h; sourceTree = "<group>"; };
		1BD3DF0A1E08551E00D749BB /* SAAd.m */ = {isa = PBXFileReference; fileEncoding = 4; lastKnownFileType = sourcecode.c.objc; path = SAAd.m; sourceTree = "<group>"; };
		1BD3DF0B1E08551E00D749BB /* SAAdParser.h */ = {isa = PBXFileReference; fileEncoding = 4; lastKnownFileType = sourcecode.c.h; path = SAAdParser.h; sourceTree = "<group>"; };
		1BD3DF0C1E08551E00D749BB /* SAAdParser.m */ = {isa = PBXFileReference; fileEncoding = 4; lastKnownFileType = sourcecode.c.objc; path = SAAdParser.m; sourceTree = "<group>"; };
		1BD3DF0D1E08551E00D749BB /* SAAppWall.h */ = {isa = PBXFileReference; fileEncoding = 4; lastKnownFileType = sourcecode.c.h; path = SAAppWall.h; sourceTree = "<group>"; };
		1BD3DF0E1E08551E00D749BB /* SAAppWall.m */ = {isa = PBXFileReference; fileEncoding = 4; lastKnownFileType = sourcecode.c.objc; path = SAAppWall.m; sourceTree = "<group>"; };
		1BD3DF0F1E08551E00D749BB /* SAAppWallParser.h */ = {isa = PBXFileReference; fileEncoding = 4; lastKnownFileType = sourcecode.c.h; path = SAAppWallParser.h; sourceTree = "<group>"; };
		1BD3DF101E08551E00D749BB /* SAAppWallParser.m */ = {isa = PBXFileReference; fileEncoding = 4; lastKnownFileType = sourcecode.c.objc; path = SAAppWallParser.m; sourceTree = "<group>"; };
		1BD3DF111E08551E00D749BB /* SABannerAd.h */ = {isa = PBXFileReference; fileEncoding = 4; lastKnownFileType = sourcecode.c.h; path = SABannerAd.h; sourceTree = "<group>"; };
		1BD3DF121E08551E00D749BB /* SABannerAd.m */ = {isa = PBXFileReference; fileEncoding = 4; lastKnownFileType = sourcecode.c.objc; path = SABannerAd.m; sourceTree = "<group>"; };
		1BD3DF131E08551E00D749BB /* SABaseObject.h */ = {isa = PBXFileReference; fileEncoding = 4; lastKnownFileType = sourcecode.c.h; path = SABaseObject.h; sourceTree = "<group>"; };
		1BD3DF141E08551E00D749BB /* SABaseObject.m */ = {isa = PBXFileReference; fileEncoding = 4; lastKnownFileType = sourcecode.c.objc; path = SABaseObject.m; sourceTree = "<group>"; };
		1BD3DF151E08551E00D749BB /* SABlackMask.h */ = {isa = PBXFileReference; fileEncoding = 4; lastKnownFileType = sourcecode.c.h; path = SABlackMask.h; sourceTree = "<group>"; };
		1BD3DF161E08551E00D749BB /* SABlackMask.m */ = {isa = PBXFileReference; fileEncoding = 4; lastKnownFileType = sourcecode.c.objc; path = SABlackMask.m; sourceTree = "<group>"; };
		1BD3DF171E08551E00D749BB /* SACallback.h */ = {isa = PBXFileReference; fileEncoding = 4; lastKnownFileType = sourcecode.c.h; path = SACallback.h; sourceTree = "<group>"; };
		1BD3DF181E08551E00D749BB /* SACapper.h */ = {isa = PBXFileReference; fileEncoding = 4; lastKnownFileType = sourcecode.c.h; path = SACapper.h; sourceTree = "<group>"; };
		1BD3DF191E08551E00D749BB /* SACapper.m */ = {isa = PBXFileReference; fileEncoding = 4; lastKnownFileType = sourcecode.c.objc; path = SACapper.m; sourceTree = "<group>"; };
		1BD3DF1A1E08551E00D749BB /* SACPI.h */ = {isa = PBXFileReference; fileEncoding = 4; lastKnownFileType = sourcecode.c.h; path = SACPI.h; sourceTree = "<group>"; };
		1BD3DF1B1E08551E00D749BB /* SACPI.m */ = {isa = PBXFileReference; fileEncoding = 4; lastKnownFileType = sourcecode.c.objc; path = SACPI.m; sourceTree = "<group>"; };
		1BD3DF1C1E08551E00D749BB /* SACreative.h */ = {isa = PBXFileReference; fileEncoding = 4; lastKnownFileType = sourcecode.c.h; path = SACreative.h; sourceTree = "<group>"; };
		1BD3DF1D1E08551E00D749BB /* SACreative.m */ = {isa = PBXFileReference; fileEncoding = 4; lastKnownFileType = sourcecode.c.objc; path = SACreative.m; sourceTree = "<group>"; };
		1BD3DF1E1E08551E00D749BB /* SACronograph.h */ = {isa = PBXFileReference; fileEncoding = 4; lastKnownFileType = sourcecode.c.h; path = SACronograph.h; sourceTree = "<group>"; };
		1BD3DF1F1E08551E00D749BB /* SACronograph.m */ = {isa = PBXFileReference; fileEncoding = 4; lastKnownFileType = sourcecode.c.objc; path = SACronograph.m; sourceTree = "<group>"; };
		1BD3DF201E08551E00D749BB /* SADetails.h */ = {isa = PBXFileReference; fileEncoding = 4; lastKnownFileType = sourcecode.c.h; path = SADetails.h; sourceTree = "<group>"; };
		1BD3DF211E08551E00D749BB /* SADetails.m */ = {isa = PBXFileReference; fileEncoding = 4; lastKnownFileType = sourcecode.c.objc; path = SADetails.m; sourceTree = "<group>"; };
		1BD3DF221E08551E00D749BB /* SADownloadItem.h */ = {isa = PBXFileReference; fileEncoding = 4; lastKnownFileType = sourcecode.c.h; path = SADownloadItem.h; sourceTree = "<group>"; };
		1BD3DF231E08551E00D749BB /* SADownloadItem.m */ = {isa = PBXFileReference; fileEncoding = 4; lastKnownFileType = sourcecode.c.objc; path = SADownloadItem.m; sourceTree = "<group>"; };
		1BD3DF241E08551E00D749BB /* SADownloadQueue.h */ = {isa = PBXFileReference; fileEncoding = 4; lastKnownFileType = sourcecode.c.h; path = SADownloadQueue.h; sourceTree = "<group>"; };
		1BD3DF251E08551E00D749BB /* SADownloadQueue.m */ = {isa = PBXFileReference; fileEncoding = 4; lastKnownFileType = sourcecode.c.objc; path = SADownloadQueue.m; sourceTree = "<group>"; };
		1BD3DF261E08551E00D749BB /* SAEvents.h */ = {isa = PBXFileReference; fileEncoding = 4; lastKnownFileType = sourcecode.c.h; path = SAEvents.h; sourceTree = "<group>"; };
		1BD3DF271E08551E00D749BB /* SAEvents.m */ = {isa = PBXFileReference; fileEncoding = 4; lastKnownFileType = sourcecode.c.objc; path = SAEvents.m; sourceTree = "<group>"; };
		1BD3DF281E08551E00D749BB /* SAExtensions.h */ = {isa = PBXFileReference; fileEncoding = 4; lastKnownFileType = sourcecode.c.h; path = SAExtensions.h; sourceTree = "<group>"; };
		1BD3DF291E08551E00D749BB /* SAExtensions.m */ = {isa = PBXFileReference; fileEncoding = 4; lastKnownFileType = sourcecode.c.objc; path = SAExtensions.m; sourceTree = "<group>"; };
		1BD3DF2A1E08551E00D749BB /* SAFileDownloader.h */ = {isa = PBXFileReference; fileEncoding = 4; lastKnownFileType = sourcecode.c.h; path = SAFileDownloader.h; sourceTree = "<group>"; };
		1BD3DF2B1E08551E00D749BB /* SAFileDownloader.m */ = {isa = PBXFileReference; fileEncoding = 4; lastKnownFileType = sourcecode.c.objc; path = SAFileDownloader.m; sourceTree = "<group>"; };
		1BD3DF2C1E08551E00D749BB /* SAHTMLParser.h */ = {isa = PBXFileReference; fileEncoding = 4; lastKnownFileType = sourcecode.c.h; path = SAHTMLParser.h; sourceTree = "<group>"; };
		1BD3DF2D1E08551E00D749BB /* SAHTMLParser.m */ = {isa = PBXFileReference; fileEncoding = 4; lastKnownFileType = sourcecode.c.objc; path = SAHTMLParser.m; sourceTree = "<group>"; };
		1BD3DF2E1E08551E00D749BB /* SAImageUtils.h */ = {isa = PBXFileReference; fileEncoding = 4; lastKnownFileType = sourcecode.c.h; path = SAImageUtils.h; sourceTree = "<group>"; };
		1BD3DF2F1E08551E00D749BB /* SAImageUtils.m */ = {isa = PBXFileReference; fileEncoding = 4; lastKnownFileType = sourcecode.c.objc; path = SAImageUtils.m; sourceTree = "<group>"; };
		1BD3DF301E08551E00D749BB /* SAInterstitialAd.h */ = {isa = PBXFileReference; fileEncoding = 4; lastKnownFileType = sourcecode.c.h; path = SAInterstitialAd.h; sourceTree = "<group>"; };
		1BD3DF311E08551E00D749BB /* SAInterstitialAd.m */ = {isa = PBXFileReference; fileEncoding = 4; lastKnownFileType = sourcecode.c.objc; path = SAInterstitialAd.m; sourceTree = "<group>"; };
		1BD3DF321E08551E00D749BB /* SAJsonParser.h */ = {isa = PBXFileReference; fileEncoding = 4; lastKnownFileType = sourcecode.c.h; path = SAJsonParser.h; sourceTree = "<group>"; };
		1BD3DF331E08551E00D749BB /* SALoader.h */ = {isa = PBXFileReference; fileEncoding = 4; lastKnownFileType = sourcecode.c.h; path = SALoader.h; sourceTree = "<group>"; };
		1BD3DF341E08551E00D749BB /* SALoader.m */ = {isa = PBXFileReference; fileEncoding = 4; lastKnownFileType = sourcecode.c.objc; path = SALoader.m; sourceTree = "<group>"; };
		1BD3DF351E08551E00D749BB /* SALogger.h */ = {isa = PBXFileReference; fileEncoding = 4; lastKnownFileType = sourcecode.c.h; path = SALogger.h; sourceTree = "<group>"; };
		1BD3DF361E08551E00D749BB /* SALogger.m */ = {isa = PBXFileReference; fileEncoding = 4; lastKnownFileType = sourcecode.c.objc; path = SALogger.m; sourceTree = "<group>"; };
		1BD3DF371E08551E00D749BB /* SAMedia.h */ = {isa = PBXFileReference; fileEncoding = 4; lastKnownFileType = sourcecode.c.h; path = SAMedia.h; sourceTree = "<group>"; };
		1BD3DF381E08551E00D749BB /* SAMedia.m */ = {isa = PBXFileReference; fileEncoding = 4; lastKnownFileType = sourcecode.c.objc; path = SAMedia.m; sourceTree = "<group>"; };
		1BD3DF391E08551E00D749BB /* SANetwork.h */ = {isa = PBXFileReference; fileEncoding = 4; lastKnownFileType = sourcecode.c.h; path = SANetwork.h; sourceTree = "<group>"; };
		1BD3DF3A1E08551E00D749BB /* SANetwork.m */ = {isa = PBXFileReference; fileEncoding = 4; lastKnownFileType = sourcecode.c.objc; path = SANetwork.m; sourceTree = "<group>"; };
		1BD3DF3B1E08551E00D749BB /* SAOrientation.h */ = {isa = PBXFileReference; fileEncoding = 4; lastKnownFileType = sourcecode.c.h; path = SAOrientation.h; sourceTree = "<group>"; };
		1BD3DF3C1E08551E00D749BB /* SAParentalGate.h */ = {isa = PBXFileReference; fileEncoding = 4; lastKnownFileType = sourcecode.c.h; path = SAParentalGate.h; sourceTree = "<group>"; };
		1BD3DF3D1E08551E00D749BB /* SAParentalGate.m */ = {isa = PBXFileReference; fileEncoding = 4; lastKnownFileType = sourcecode.c.objc; path = SAParentalGate.m; sourceTree = "<group>"; };
		1BD3DF3E1E08551E00D749BB /* SAPopup.h */ = {isa = PBXFileReference; fileEncoding = 4; lastKnownFileType = sourcecode.c.h; path = SAPopup.h; sourceTree = "<group>"; };
		1BD3DF3F1E08551E00D749BB /* SAPopup.m */ = {isa = PBXFileReference; fileEncoding = 4; lastKnownFileType = sourcecode.c.objc; path = SAPopup.m; sourceTree = "<group>"; };
		1BD3DF401E08551E00D749BB /* SAResponse.h */ = {isa = PBXFileReference; fileEncoding = 4; lastKnownFileType = sourcecode.c.h; path = SAResponse.h; sourceTree = "<group>"; };
		1BD3DF411E08551E00D749BB /* SAResponse.m */ = {isa = PBXFileReference; fileEncoding = 4; lastKnownFileType = sourcecode.c.objc; path = SAResponse.m; sourceTree = "<group>"; };
		1BD3DF421E08551E00D749BB /* SASession.h */ = {isa = PBXFileReference; fileEncoding = 4; lastKnownFileType = sourcecode.c.h; path = SASession.h; sourceTree = "<group>"; };
		1BD3DF431E08551E00D749BB /* SASession.m */ = {isa = PBXFileReference; fileEncoding = 4; lastKnownFileType = sourcecode.c.objc; path = SASession.m; sourceTree = "<group>"; };
		1BD3DF441E08551E00D749BB /* SASystemVersion.h */ = {isa = PBXFileReference; fileEncoding = 4; lastKnownFileType = sourcecode.c.h; path = SASystemVersion.h; sourceTree = "<group>"; };
		1BD3DF451E08551E00D749BB /* SATracking.h */ = {isa = PBXFileReference; fileEncoding = 4; lastKnownFileType = sourcecode.c.h; path = SATracking.h; sourceTree = "<group>"; };
		1BD3DF461E08551E00D749BB /* SATracking.m */ = {isa = PBXFileReference; fileEncoding = 4; lastKnownFileType = sourcecode.c.objc; path = SATracking.m; sourceTree = "<group>"; };
		1BD3DF471E08551E00D749BB /* SAURLClicker.h */ = {isa = PBXFileReference; fileEncoding = 4; lastKnownFileType = sourcecode.c.h; path = SAURLClicker.h; sourceTree = "<group>"; };
		1BD3DF481E08551E00D749BB /* SAURLClicker.m */ = {isa = PBXFileReference; fileEncoding = 4; lastKnownFileType = sourcecode.c.objc; path = SAURLClicker.m; sourceTree = "<group>"; };
		1BD3DF491E08551E00D749BB /* SAUtils.h */ = {isa = PBXFileReference; fileEncoding = 4; lastKnownFileType = sourcecode.c.h; path = SAUtils.h; sourceTree = "<group>"; };
		1BD3DF4A1E08551E00D749BB /* SAUtils.m */ = {isa = PBXFileReference; fileEncoding = 4; lastKnownFileType = sourcecode.c.objc; path = SAUtils.m; sourceTree = "<group>"; };
		1BD3DF4B1E08551E00D749BB /* SAVASTParser.h */ = {isa = PBXFileReference; fileEncoding = 4; lastKnownFileType = sourcecode.c.h; path = SAVASTParser.h; sourceTree = "<group>"; };
		1BD3DF4C1E08551E00D749BB /* SAVASTParser.m */ = {isa = PBXFileReference; fileEncoding = 4; lastKnownFileType = sourcecode.c.objc; path = SAVASTParser.m; sourceTree = "<group>"; };
		1BD3DF4D1E08551E00D749BB /* SAVideoAd.h */ = {isa = PBXFileReference; fileEncoding = 4; lastKnownFileType = sourcecode.c.h; path = SAVideoAd.h; sourceTree = "<group>"; };
		1BD3DF4E1E08551E00D749BB /* SAVideoAd.m */ = {isa = PBXFileReference; fileEncoding = 4; lastKnownFileType = sourcecode.c.objc; path = SAVideoAd.m; sourceTree = "<group>"; };
		1BD3DF4F1E08551E00D749BB /* SAVideoPlayer.h */ = {isa = PBXFileReference; fileEncoding = 4; lastKnownFileType = sourcecode.c.h; path = SAVideoPlayer.h; sourceTree = "<group>"; };
		1BD3DF501E08551E00D749BB /* SAVideoPlayer.m */ = {isa = PBXFileReference; fileEncoding = 4; lastKnownFileType = sourcecode.c.objc; path = SAVideoPlayer.m; sourceTree = "<group>"; };
		1BD3DF511E08551E00D749BB /* SAWebPlayer.h */ = {isa = PBXFileReference; fileEncoding = 4; lastKnownFileType = sourcecode.c.h; path = SAWebPlayer.h; sourceTree = "<group>"; };
		1BD3DF521E08551E00D749BB /* SAWebPlayer.m */ = {isa = PBXFileReference; fileEncoding = 4; lastKnownFileType = sourcecode.c.objc; path = SAWebPlayer.m; sourceTree = "<group>"; };
		1BD3DF531E08551E00D749BB /* SAXMLParser.h */ = {isa = PBXFileReference; fileEncoding = 4; lastKnownFileType = sourcecode.c.h; path = SAXMLParser.h; sourceTree = "<group>"; };
		1BD3DF541E08551E00D749BB /* SAXMLParser.m */ = {isa = PBXFileReference; fileEncoding = 4; lastKnownFileType = sourcecode.c.objc; path = SAXMLParser.m; sourceTree = "<group>"; };
		1BD3DF551E08551E00D749BB /* SuperAwesome.h */ = {isa = PBXFileReference; fileEncoding = 4; lastKnownFileType = sourcecode.c.h; path = SuperAwesome.h; sourceTree = "<group>"; };
		1BD3DF561E08551E00D749BB /* SuperAwesome.m */ = {isa = PBXFileReference; fileEncoding = 4; lastKnownFileType = sourcecode.c.objc; path = SuperAwesome.m; sourceTree = "<group>"; };
/* End PBXFileReference section */

/* Begin PBXFrameworksBuildPhase section */
		1B55FE191DE445A0007A7BC2 /* Frameworks */ = {
			isa = PBXFrameworksBuildPhase;
			buildActionMask = 2147483647;
			files = (
			);
			runOnlyForDeploymentPostprocessing = 0;
		};
/* End PBXFrameworksBuildPhase section */

/* Begin PBXGroup section */
		1B55FE131DE445A0007A7BC2 = {
			isa = PBXGroup;
			children = (
				1B55FE1F1DE445A0007A7BC2 /* SuperAwesomeSDK */,
				1B55FE1E1DE445A0007A7BC2 /* Products */,
			);
			sourceTree = "<group>";
		};
		1B55FE1E1DE445A0007A7BC2 /* Products */ = {
			isa = PBXGroup;
			children = (
				1B55FE1D1DE445A0007A7BC2 /* SuperAwesomeSDK.framework */,
			);
			name = Products;
			sourceTree = "<group>";
		};
		1B55FE1F1DE445A0007A7BC2 /* SuperAwesomeSDK */ = {
			isa = PBXGroup;
			children = (
				1BD3DEFF1E08551E00D749BB /* NSArray+SAJson.h */,
				1BD3DF001E08551E00D749BB /* NSArray+SAJson.m */,
				1BD3DF011E08551E00D749BB /* NSDictionary+SafeHandling.h */,
				1BD3DF021E08551E00D749BB /* NSDictionary+SafeHandling.m */,
				1BD3DF031E08551E00D749BB /* NSDictionary+SAJson.h */,
				1BD3DF041E08551E00D749BB /* NSDictionary+SAJson.m */,
				1BD3DF051E08551E00D749BB /* NSString+HTML.h */,
				1BD3DF061E08551E00D749BB /* NSString+HTML.m */,
				1BD3DF071E08551E00D749BB /* SAActivityView.h */,
				1BD3DF081E08551E00D749BB /* SAActivityView.m */,
				1BD3DF091E08551E00D749BB /* SAAd.h */,
				1BD3DF0A1E08551E00D749BB /* SAAd.m */,
				1BD3DF0B1E08551E00D749BB /* SAAdParser.h */,
				1BD3DF0C1E08551E00D749BB /* SAAdParser.m */,
				1BD3DF0D1E08551E00D749BB /* SAAppWall.h */,
				1BD3DF0E1E08551E00D749BB /* SAAppWall.m */,
				1BD3DF0F1E08551E00D749BB /* SAAppWallParser.h */,
				1BD3DF101E08551E00D749BB /* SAAppWallParser.m */,
				1BD3DF111E08551E00D749BB /* SABannerAd.h */,
				1BD3DF121E08551E00D749BB /* SABannerAd.m */,
				1BD3DF131E08551E00D749BB /* SABaseObject.h */,
				1BD3DF141E08551E00D749BB /* SABaseObject.m */,
				1BD3DF151E08551E00D749BB /* SABlackMask.h */,
				1BD3DF161E08551E00D749BB /* SABlackMask.m */,
				1BD3DF171E08551E00D749BB /* SACallback.h */,
				1BD3DF181E08551E00D749BB /* SACapper.h */,
				1BD3DF191E08551E00D749BB /* SACapper.m */,
				1BD3DF1A1E08551E00D749BB /* SACPI.h */,
				1BD3DF1B1E08551E00D749BB /* SACPI.m */,
				1BD3DF1C1E08551E00D749BB /* SACreative.h */,
				1BD3DF1D1E08551E00D749BB /* SACreative.m */,
				1BD3DF1E1E08551E00D749BB /* SACronograph.h */,
				1BD3DF1F1E08551E00D749BB /* SACronograph.m */,
				1BD3DF201E08551E00D749BB /* SADetails.h */,
				1BD3DF211E08551E00D749BB /* SADetails.m */,
				1BD3DF221E08551E00D749BB /* SADownloadItem.h */,
				1BD3DF231E08551E00D749BB /* SADownloadItem.m */,
				1BD3DF241E08551E00D749BB /* SADownloadQueue.h */,
				1BD3DF251E08551E00D749BB /* SADownloadQueue.m */,
				1BD3DF261E08551E00D749BB /* SAEvents.h */,
				1BD3DF271E08551E00D749BB /* SAEvents.m */,
				1BD3DF281E08551E00D749BB /* SAExtensions.h */,
				1BD3DF291E08551E00D749BB /* SAExtensions.m */,
				1BD3DF2A1E08551E00D749BB /* SAFileDownloader.h */,
				1BD3DF2B1E08551E00D749BB /* SAFileDownloader.m */,
				1BD3DF2C1E08551E00D749BB /* SAHTMLParser.h */,
				1BD3DF2D1E08551E00D749BB /* SAHTMLParser.m */,
				1BD3DF2E1E08551E00D749BB /* SAImageUtils.h */,
				1BD3DF2F1E08551E00D749BB /* SAImageUtils.m */,
				1BD3DF301E08551E00D749BB /* SAInterstitialAd.h */,
				1BD3DF311E08551E00D749BB /* SAInterstitialAd.m */,
				1BD3DF321E08551E00D749BB /* SAJsonParser.h */,
				1BD3DF331E08551E00D749BB /* SALoader.h */,
				1BD3DF341E08551E00D749BB /* SALoader.m */,
				1BD3DF351E08551E00D749BB /* SALogger.h */,
				1BD3DF361E08551E00D749BB /* SALogger.m */,
				1BD3DF371E08551E00D749BB /* SAMedia.h */,
				1BD3DF381E08551E00D749BB /* SAMedia.m */,
				1BD3DF391E08551E00D749BB /* SANetwork.h */,
				1BD3DF3A1E08551E00D749BB /* SANetwork.m */,
				1BD3DF3B1E08551E00D749BB /* SAOrientation.h */,
				1BD3DF3C1E08551E00D749BB /* SAParentalGate.h */,
				1BD3DF3D1E08551E00D749BB /* SAParentalGate.m */,
				1BD3DF3E1E08551E00D749BB /* SAPopup.h */,
				1BD3DF3F1E08551E00D749BB /* SAPopup.m */,
				1BD3DF401E08551E00D749BB /* SAResponse.h */,
				1BD3DF411E08551E00D749BB /* SAResponse.m */,
				1BD3DF421E08551E00D749BB /* SASession.h */,
				1BD3DF431E08551E00D749BB /* SASession.m */,
				1BD3DF441E08551E00D749BB /* SASystemVersion.h */,
				1BD3DF451E08551E00D749BB /* SATracking.h */,
				1BD3DF461E08551E00D749BB /* SATracking.m */,
				1BD3DF471E08551E00D749BB /* SAURLClicker.h */,
				1BD3DF481E08551E00D749BB /* SAURLClicker.m */,
				1BD3DF491E08551E00D749BB /* SAUtils.h */,
				1BD3DF4A1E08551E00D749BB /* SAUtils.m */,
				1BD3DF4B1E08551E00D749BB /* SAVASTParser.h */,
				1BD3DF4C1E08551E00D749BB /* SAVASTParser.m */,
				1BD3DF4D1E08551E00D749BB /* SAVideoAd.h */,
				1BD3DF4E1E08551E00D749BB /* SAVideoAd.m */,
				1BD3DF4F1E08551E00D749BB /* SAVideoPlayer.h */,
				1BD3DF501E08551E00D749BB /* SAVideoPlayer.m */,
				1BD3DF511E08551E00D749BB /* SAWebPlayer.h */,
				1BD3DF521E08551E00D749BB /* SAWebPlayer.m */,
				1BD3DF531E08551E00D749BB /* SAXMLParser.h */,
				1BD3DF541E08551E00D749BB /* SAXMLParser.m */,
				1BD3DF551E08551E00D749BB /* SuperAwesome.h */,
				1BD3DF561E08551E00D749BB /* SuperAwesome.m */,
				1B55FE211DE445A0007A7BC2 /* Info.plist */,
			);
			path = SuperAwesomeSDK;
			sourceTree = "<group>";
		};
/* End PBXGroup section */

/* Begin PBXHeadersBuildPhase section */
		1B55FE1A1DE445A0007A7BC2 /* Headers */ = {
			isa = PBXHeadersBuildPhase;
			buildActionMask = 2147483647;
			files = (
				1BD3DF6D1E08551E00D749BB /* SABlackMask.h in Headers */,
				1BD3DF631E08551E00D749BB /* SAAdParser.h in Headers */,
				1BD3DFAD1E08551E00D749BB /* SuperAwesome.h in Headers */,
				1BD3DF801E08551E00D749BB /* SAExtensions.h in Headers */,
				1BD3DF6B1E08551E00D749BB /* SABaseObject.h in Headers */,
				1BD3DF721E08551E00D749BB /* SACPI.h in Headers */,
				1BD3DF9F1E08551E00D749BB /* SAURLClicker.h in Headers */,
				1BD3DF931E08551E00D749BB /* SAOrientation.h in Headers */,
				1BD3DFA51E08551E00D749BB /* SAVideoAd.h in Headers */,
				1BD3DF571E08551E00D749BB /* NSArray+SAJson.h in Headers */,
				1BD3DF8D1E08551E00D749BB /* SALogger.h in Headers */,
				1BD3DF941E08551E00D749BB /* SAParentalGate.h in Headers */,
				1BD3DF7E1E08551E00D749BB /* SAEvents.h in Headers */,
				1BD3DF5F1E08551E00D749BB /* SAActivityView.h in Headers */,
				1BD3DF671E08551E00D749BB /* SAAppWallParser.h in Headers */,
				1BD3DFA31E08551E00D749BB /* SAVASTParser.h in Headers */,
				1BD3DF761E08551E00D749BB /* SACronograph.h in Headers */,
				1BD3DF7C1E08551E00D749BB /* SADownloadQueue.h in Headers */,
				1BD3DF881E08551E00D749BB /* SAInterstitialAd.h in Headers */,
				1BD3DFA91E08551E00D749BB /* SAWebPlayer.h in Headers */,
				1BD3DF8F1E08551E00D749BB /* SAMedia.h in Headers */,
				1BD3DF5D1E08551E00D749BB /* NSString+HTML.h in Headers */,
				1BD3DF821E08551E00D749BB /* SAFileDownloader.h in Headers */,
				1BD3DF611E08551E00D749BB /* SAAd.h in Headers */,
				1BD3DF9C1E08551E00D749BB /* SASystemVersion.h in Headers */,
				1BD3DFA71E08551E00D749BB /* SAVideoPlayer.h in Headers */,
				1BD3DF911E08551E00D749BB /* SANetwork.h in Headers */,
				1BD3DF741E08551E00D749BB /* SACreative.h in Headers */,
				1BD3DF9A1E08551E00D749BB /* SASession.h in Headers */,
				1BD3DF781E08551E00D749BB /* SADetails.h in Headers */,
				1BD3DF861E08551E00D749BB /* SAImageUtils.h in Headers */,
				1BD3DF981E08551E00D749BB /* SAResponse.h in Headers */,
				1BD3DF5B1E08551E00D749BB /* NSDictionary+SAJson.h in Headers */,
				1BD3DF8B1E08551E00D749BB /* SALoader.h in Headers */,
				1BD3DF8A1E08551E00D749BB /* SAJsonParser.h in Headers */,
				1BD3DF6F1E08551E00D749BB /* SACallback.h in Headers */,
				1BD3DF841E08551E00D749BB /* SAHTMLParser.h in Headers */,
				1BD3DF691E08551E00D749BB /* SABannerAd.h in Headers */,
				1BD3DF7A1E08551E00D749BB /* SADownloadItem.h in Headers */,
				1BD3DF9D1E08551E00D749BB /* SATracking.h in Headers */,
				1BD3DFAB1E08551E00D749BB /* SAXMLParser.h in Headers */,
				1BD3DF701E08551E00D749BB /* SACapper.h in Headers */,
				1BD3DFA11E08551E00D749BB /* SAUtils.h in Headers */,
				1BD3DF651E08551E00D749BB /* SAAppWall.h in Headers */,
				1BD3DF591E08551E00D749BB /* NSDictionary+SafeHandling.h in Headers */,
				1BD3DF961E08551E00D749BB /* SAPopup.h in Headers */,
			);
			runOnlyForDeploymentPostprocessing = 0;
		};
/* End PBXHeadersBuildPhase section */

/* Begin PBXNativeTarget section */
		1B55FE1C1DE445A0007A7BC2 /* SuperAwesomeSDK */ = {
			isa = PBXNativeTarget;
			buildConfigurationList = 1B55FE251DE445A0007A7BC2 /* Build configuration list for PBXNativeTarget "SuperAwesomeSDK" */;
			buildPhases = (
				1B55FE181DE445A0007A7BC2 /* Sources */,
				1B55FE191DE445A0007A7BC2 /* Frameworks */,
				1B55FE1A1DE445A0007A7BC2 /* Headers */,
				1B55FE1B1DE445A0007A7BC2 /* Resources */,
			);
			buildRules = (
			);
			dependencies = (
			);
			name = SuperAwesomeSDK;
			productName = SuperAwesomeSDK;
			productReference = 1B55FE1D1DE445A0007A7BC2 /* SuperAwesomeSDK.framework */;
			productType = "com.apple.product-type.framework";
		};
/* End PBXNativeTarget section */

/* Begin PBXProject section */
		1B55FE141DE445A0007A7BC2 /* Project object */ = {
			isa = PBXProject;
			attributes = {
				LastUpgradeCheck = 0800;
				ORGANIZATIONNAME = "Gabriel Coman";
				TargetAttributes = {
					1B55FE1C1DE445A0007A7BC2 = {
						CreatedOnToolsVersion = 8.0;
						ProvisioningStyle = Automatic;
					};
				};
			};
			buildConfigurationList = 1B55FE171DE445A0007A7BC2 /* Build configuration list for PBXProject "SuperAwesomeSDK" */;
			compatibilityVersion = "Xcode 3.2";
			developmentRegion = English;
			hasScannedForEncodings = 0;
			knownRegions = (
				en,
			);
			mainGroup = 1B55FE131DE445A0007A7BC2;
			productRefGroup = 1B55FE1E1DE445A0007A7BC2 /* Products */;
			projectDirPath = "";
			projectRoot = "";
			targets = (
				1B55FE1C1DE445A0007A7BC2 /* SuperAwesomeSDK */,
			);
		};
/* End PBXProject section */

/* Begin PBXResourcesBuildPhase section */
		1B55FE1B1DE445A0007A7BC2 /* Resources */ = {
			isa = PBXResourcesBuildPhase;
			buildActionMask = 2147483647;
			files = (
			);
			runOnlyForDeploymentPostprocessing = 0;
		};
/* End PBXResourcesBuildPhase section */

/* Begin PBXSourcesBuildPhase section */
		1B55FE181DE445A0007A7BC2 /* Sources */ = {
			isa = PBXSourcesBuildPhase;
			buildActionMask = 2147483647;
			files = (
				1BD3DF771E08551E00D749BB /* SACronograph.m in Sources */,
				1BD3DF7D1E08551E00D749BB /* SADownloadQueue.m in Sources */,
				1BD3DF5A1E08551E00D749BB /* NSDictionary+SafeHandling.m in Sources */,
				1BD3DFA81E08551E00D749BB /* SAVideoPlayer.m in Sources */,
				1BD3DF951E08551E00D749BB /* SAParentalGate.m in Sources */,
				1BD3DF601E08551E00D749BB /* SAActivityView.m in Sources */,
				1BD3DF6A1E08551E00D749BB /* SABannerAd.m in Sources */,
				1BD3DFAA1E08551E00D749BB /* SAWebPlayer.m in Sources */,
				1BD3DF9E1E08551E00D749BB /* SATracking.m in Sources */,
				1BD3DF9B1E08551E00D749BB /* SASession.m in Sources */,
				1BD3DF5C1E08551E00D749BB /* NSDictionary+SAJson.m in Sources */,
				1BD3DFA01E08551E00D749BB /* SAURLClicker.m in Sources */,
				1BD3DFA61E08551E00D749BB /* SAVideoAd.m in Sources */,
				1BD3DF711E08551E00D749BB /* SACapper.m in Sources */,
				1BD3DFA41E08551E00D749BB /* SAVASTParser.m in Sources */,
				1BD3DF8E1E08551E00D749BB /* SALogger.m in Sources */,
				1BD3DF661E08551E00D749BB /* SAAppWall.m in Sources */,
				1BD3DFA21E08551E00D749BB /* SAUtils.m in Sources */,
				1BD3DF991E08551E00D749BB /* SAResponse.m in Sources */,
				1BD3DF831E08551E00D749BB /* SAFileDownloader.m in Sources */,
				1BD3DF871E08551E00D749BB /* SAImageUtils.m in Sources */,
				1BD3DF791E08551E00D749BB /* SADetails.m in Sources */,
				1BD3DF901E08551E00D749BB /* SAMedia.m in Sources */,
				1BD3DF641E08551E00D749BB /* SAAdParser.m in Sources */,
				1BD3DF5E1E08551E00D749BB /* NSString+HTML.m in Sources */,
				1BD3DFAC1E08551E00D749BB /* SAXMLParser.m in Sources */,
				1BD3DF751E08551E00D749BB /* SACreative.m in Sources */,
				1BD3DFAE1E08551E00D749BB /* SuperAwesome.m in Sources */,
				1BD3DF8C1E08551E00D749BB /* SALoader.m in Sources */,
				1BD3DF681E08551E00D749BB /* SAAppWallParser.m in Sources */,
				1BD3DF7B1E08551E00D749BB /* SADownloadItem.m in Sources */,
				1BD3DF851E08551E00D749BB /* SAHTMLParser.m in Sources */,
				1BD3DF7F1E08551E00D749BB /* SAEvents.m in Sources */,
				1BD3DF811E08551E00D749BB /* SAExtensions.m in Sources */,
				1BD3DF891E08551E00D749BB /* SAInterstitialAd.m in Sources */,
				1BD3DF921E08551E00D749BB /* SANetwork.m in Sources */,
				1BD3DF621E08551E00D749BB /* SAAd.m in Sources */,
				1BD3DF6E1E08551E00D749BB /* SABlackMask.m in Sources */,
				1BD3DF6C1E08551E00D749BB /* SABaseObject.m in Sources */,
				1BD3DF971E08551E00D749BB /* SAPopup.m in Sources */,
				1BD3DF731E08551E00D749BB /* SACPI.m in Sources */,
				1BD3DF581E08551E00D749BB /* NSArray+SAJson.m in Sources */,
			);
			runOnlyForDeploymentPostprocessing = 0;
		};
/* End PBXSourcesBuildPhase section */

/* Begin XCBuildConfiguration section */
		1B55FE231DE445A0007A7BC2 /* Debug */ = {
			isa = XCBuildConfiguration;
			buildSettings = {
				ALWAYS_SEARCH_USER_PATHS = NO;
				CLANG_ANALYZER_NONNULL = YES;
				CLANG_CXX_LANGUAGE_STANDARD = "gnu++0x";
				CLANG_CXX_LIBRARY = "libc++";
				CLANG_ENABLE_MODULES = YES;
				CLANG_ENABLE_OBJC_ARC = YES;
				CLANG_WARN_BOOL_CONVERSION = YES;
				CLANG_WARN_CONSTANT_CONVERSION = YES;
				CLANG_WARN_DIRECT_OBJC_ISA_USAGE = YES_ERROR;
				CLANG_WARN_DOCUMENTATION_COMMENTS = YES;
				CLANG_WARN_EMPTY_BODY = YES;
				CLANG_WARN_ENUM_CONVERSION = YES;
				CLANG_WARN_INFINITE_RECURSION = YES;
				CLANG_WARN_INT_CONVERSION = YES;
				CLANG_WARN_OBJC_ROOT_CLASS = YES_ERROR;
				CLANG_WARN_SUSPICIOUS_MOVES = YES;
				CLANG_WARN_UNREACHABLE_CODE = YES;
				CLANG_WARN__DUPLICATE_METHOD_MATCH = YES;
				"CODE_SIGN_IDENTITY[sdk=iphoneos*]" = "iPhone Developer";
				COPY_PHASE_STRIP = NO;
				CURRENT_PROJECT_VERSION = 1;
				DEBUG_INFORMATION_FORMAT = dwarf;
				ENABLE_STRICT_OBJC_MSGSEND = YES;
				ENABLE_TESTABILITY = YES;
				GCC_C_LANGUAGE_STANDARD = gnu99;
				GCC_DYNAMIC_NO_PIC = NO;
				GCC_NO_COMMON_BLOCKS = YES;
				GCC_OPTIMIZATION_LEVEL = 0;
				GCC_PREPROCESSOR_DEFINITIONS = (
					"DEBUG=1",
					"$(inherited)",
				);
				GCC_WARN_64_TO_32_BIT_CONVERSION = YES;
				GCC_WARN_ABOUT_RETURN_TYPE = YES_ERROR;
				GCC_WARN_UNDECLARED_SELECTOR = YES;
				GCC_WARN_UNINITIALIZED_AUTOS = YES_AGGRESSIVE;
				GCC_WARN_UNUSED_FUNCTION = YES;
				GCC_WARN_UNUSED_VARIABLE = YES;
				IPHONEOS_DEPLOYMENT_TARGET = 8.0;
				MTL_ENABLE_DEBUG_INFO = YES;
				ONLY_ACTIVE_ARCH = YES;
				SDKROOT = iphoneos;
				TARGETED_DEVICE_FAMILY = "1,2";
				VERSIONING_SYSTEM = "apple-generic";
				VERSION_INFO_PREFIX = "";
			};
			name = Debug;
		};
		1B55FE241DE445A0007A7BC2 /* Release */ = {
			isa = XCBuildConfiguration;
			buildSettings = {
				ALWAYS_SEARCH_USER_PATHS = NO;
				CLANG_ANALYZER_NONNULL = YES;
				CLANG_CXX_LANGUAGE_STANDARD = "gnu++0x";
				CLANG_CXX_LIBRARY = "libc++";
				CLANG_ENABLE_MODULES = YES;
				CLANG_ENABLE_OBJC_ARC = YES;
				CLANG_WARN_BOOL_CONVERSION = YES;
				CLANG_WARN_CONSTANT_CONVERSION = YES;
				CLANG_WARN_DIRECT_OBJC_ISA_USAGE = YES_ERROR;
				CLANG_WARN_DOCUMENTATION_COMMENTS = YES;
				CLANG_WARN_EMPTY_BODY = YES;
				CLANG_WARN_ENUM_CONVERSION = YES;
				CLANG_WARN_INFINITE_RECURSION = YES;
				CLANG_WARN_INT_CONVERSION = YES;
				CLANG_WARN_OBJC_ROOT_CLASS = YES_ERROR;
				CLANG_WARN_SUSPICIOUS_MOVES = YES;
				CLANG_WARN_UNREACHABLE_CODE = YES;
				CLANG_WARN__DUPLICATE_METHOD_MATCH = YES;
				"CODE_SIGN_IDENTITY[sdk=iphoneos*]" = "iPhone Developer";
				COPY_PHASE_STRIP = NO;
				CURRENT_PROJECT_VERSION = 1;
				DEBUG_INFORMATION_FORMAT = "dwarf-with-dsym";
				ENABLE_NS_ASSERTIONS = NO;
				ENABLE_STRICT_OBJC_MSGSEND = YES;
				GCC_C_LANGUAGE_STANDARD = gnu99;
				GCC_NO_COMMON_BLOCKS = YES;
				GCC_WARN_64_TO_32_BIT_CONVERSION = YES;
				GCC_WARN_ABOUT_RETURN_TYPE = YES_ERROR;
				GCC_WARN_UNDECLARED_SELECTOR = YES;
				GCC_WARN_UNINITIALIZED_AUTOS = YES_AGGRESSIVE;
				GCC_WARN_UNUSED_FUNCTION = YES;
				GCC_WARN_UNUSED_VARIABLE = YES;
				IPHONEOS_DEPLOYMENT_TARGET = 8.0;
				MTL_ENABLE_DEBUG_INFO = NO;
				SDKROOT = iphoneos;
				TARGETED_DEVICE_FAMILY = "1,2";
				VALIDATE_PRODUCT = YES;
				VERSIONING_SYSTEM = "apple-generic";
				VERSION_INFO_PREFIX = "";
			};
			name = Release;
		};
		1B55FE261DE445A0007A7BC2 /* Debug */ = {
			isa = XCBuildConfiguration;
			buildSettings = {
				CODE_SIGN_IDENTITY = "";
				DEFINES_MODULE = YES;
				DYLIB_COMPATIBILITY_VERSION = 1;
				DYLIB_CURRENT_VERSION = 1;
				DYLIB_INSTALL_NAME_BASE = "@rpath";
				INFOPLIST_FILE = SuperAwesomeSDK/Info.plist;
				INSTALL_PATH = "$(LOCAL_LIBRARY_DIR)/Frameworks";
				LD_RUNPATH_SEARCH_PATHS = "$(inherited) @executable_path/Frameworks @loader_path/Frameworks";
				ONLY_ACTIVE_ARCH = NO;
				PRODUCT_BUNDLE_IDENTIFIER = tv.superawesome.SuperAwesomeSDK;
				PRODUCT_NAME = "$(TARGET_NAME)";
				SKIP_INSTALL = YES;
				SYMROOT = build;
			};
			name = Debug;
		};
		1B55FE271DE445A0007A7BC2 /* Release */ = {
			isa = XCBuildConfiguration;
			buildSettings = {
				CODE_SIGN_IDENTITY = "";
				DEFINES_MODULE = YES;
				DYLIB_COMPATIBILITY_VERSION = 1;
				DYLIB_CURRENT_VERSION = 1;
				DYLIB_INSTALL_NAME_BASE = "@rpath";
				INFOPLIST_FILE = SuperAwesomeSDK/Info.plist;
				INSTALL_PATH = "$(LOCAL_LIBRARY_DIR)/Frameworks";
				LD_RUNPATH_SEARCH_PATHS = "$(inherited) @executable_path/Frameworks @loader_path/Frameworks";
				PRODUCT_BUNDLE_IDENTIFIER = tv.superawesome.SuperAwesomeSDK;
				PRODUCT_NAME = "$(TARGET_NAME)";
				SKIP_INSTALL = YES;
				SYMROOT = build;
			};
			name = Release;
		};
/* End XCBuildConfiguration section */

/* Begin XCConfigurationList section */
		1B55FE171DE445A0007A7BC2 /* Build configuration list for PBXProject "SuperAwesomeSDK" */ = {
			isa = XCConfigurationList;
			buildConfigurations = (
				1B55FE231DE445A0007A7BC2 /* Debug */,
				1B55FE241DE445A0007A7BC2 /* Release */,
			);
			defaultConfigurationIsVisible = 0;
			defaultConfigurationName = Release;
		};
		1B55FE251DE445A0007A7BC2 /* Build configuration list for PBXNativeTarget "SuperAwesomeSDK" */ = {
			isa = XCConfigurationList;
			buildConfigurations = (
				1B55FE261DE445A0007A7BC2 /* Debug */,
				1B55FE271DE445A0007A7BC2 /* Release */,
			);
			defaultConfigurationIsVisible = 0;
			defaultConfigurationName = Release;
		};
/* End XCConfigurationList section */
	};
	rootObject = 1B55FE141DE445A0007A7BC2 /* Project object */;
}
